
Microsoft Visual Studio Solution File, Format Version 12.00
# Visual Studio 15
Project("{2150E333-8FDC-42A3-9474-1A3956D46DE8}") = "CMakePredefinedTargets", "CMakePredefinedTargets", "{37DB62EB-FFD2-330F-BA82-859DC9277769}"
EndProject
Project("{2150E333-8FDC-42A3-9474-1A3956D46DE8}") = "Libraries", "Libraries", "{63AEE722-C6BC-3BD3-B0E7-B73862EE451E}"
EndProject
Project("{2150E333-8FDC-42A3-9474-1A3956D46DE8}") = "Third Party Libraries", "Third Party Libraries", "{207EB9B3-1A5F-3C3A-9BE9-028D8132A559}"
EndProject
Project("{2150E333-8FDC-42A3-9474-1A3956D46DE8}") = "Utilities", "Utilities", "{9AA35FA3-4949-35B8-B29E-1132965DE829}"
EndProject
Project("{2150E333-8FDC-42A3-9474-1A3956D46DE8}") = "cotire", "cotire", "{D0ACA5E2-21A1-3335-BE61-53468F1ECB07}"
EndProject
Project("{8BC9CEB8-8B4A-11D0-8D11-00A0C91BC942}") = "ALL_BUILD", "ALL_BUILD.vcxproj", "{DC792A0E-40AE-3D1C-80DA-2AE72AEAF4FA}"
	ProjectSection(ProjectDependencies) = postProject
		{D60BEBA4-94C3-3875-A18D-CD5D074A59C7} = {D60BEBA4-94C3-3875-A18D-CD5D074A59C7}
		{14E0AFAD-A99A-317A-AFA1-1F95D6656ADF} = {14E0AFAD-A99A-317A-AFA1-1F95D6656ADF}
		{D35FC7D0-8771-31BB-B14C-A4A2C1D4A304} = {D35FC7D0-8771-31BB-B14C-A4A2C1D4A304}
		{AE52E88E-F354-3CA6-A787-5B464B1412E9} = {AE52E88E-F354-3CA6-A787-5B464B1412E9}
		{F7E9CB1A-8C28-3584-9435-FF037BB8AD0F} = {F7E9CB1A-8C28-3584-9435-FF037BB8AD0F}
		{45EB0FFE-D5A3-370D-9227-CD6AE7141D44} = {45EB0FFE-D5A3-370D-9227-CD6AE7141D44}
		{D5E4D062-B283-31AD-9B80-9449A72ADD90} = {D5E4D062-B283-31AD-9B80-9449A72ADD90}
		{2A3516A0-BD22-3BA3-9A2F-70472C3BE800} = {2A3516A0-BD22-3BA3-9A2F-70472C3BE800}
		{B11D4488-F940-3240-8C93-182DE521AB25} = {B11D4488-F940-3240-8C93-182DE521AB25}
		{9337ADC6-3714-3116-ACE6-215BB441180A} = {9337ADC6-3714-3116-ACE6-215BB441180A}
		{F594860F-70F9-3C59-A85C-5B3F3F5C5B94} = {F594860F-70F9-3C59-A85C-5B3F3F5C5B94}
		{AD9D136C-7452-3D4E-8779-C051C6AD4034} = {AD9D136C-7452-3D4E-8779-C051C6AD4034}
		{C5FE668E-8F98-398F-8991-0C5EBD5A567F} = {C5FE668E-8F98-398F-8991-0C5EBD5A567F}
		{B44F039F-B761-3AF2-965B-32311C248859} = {B44F039F-B761-3AF2-965B-32311C248859}
		{8C2DCDB8-2B37-3FEF-91B1-C7D79F925495} = {8C2DCDB8-2B37-3FEF-91B1-C7D79F925495}
		{4EA7E9F2-1288-39E7-BD9B-5E4F4CB6067E} = {4EA7E9F2-1288-39E7-BD9B-5E4F4CB6067E}
		{980D950A-41E5-3D45-A737-CD4BA2FD1FF0} = {980D950A-41E5-3D45-A737-CD4BA2FD1FF0}
		{A7A718F7-ED7A-3EF7-BE1A-94A48F35736B} = {A7A718F7-ED7A-3EF7-BE1A-94A48F35736B}
		{C391A88B-E7F9-39E1-9943-61FA723E0A22} = {C391A88B-E7F9-39E1-9943-61FA723E0A22}
		{BE05D9B0-6002-36CE-9DC2-98737B5B52CE} = {BE05D9B0-6002-36CE-9DC2-98737B5B52CE}
		{77C3B83E-EB90-3DB4-A891-B4878C0E14CC} = {77C3B83E-EB90-3DB4-A891-B4878C0E14CC}
		{BFDA7F01-20B4-348B-9043-00EE3B11CE2E} = {BFDA7F01-20B4-348B-9043-00EE3B11CE2E}
		{7102BF8C-EDB1-3111-A28E-871FC628E620} = {7102BF8C-EDB1-3111-A28E-871FC628E620}
		{DEB527AE-8C1F-3F97-A990-36DAE39C9398} = {DEB527AE-8C1F-3F97-A990-36DAE39C9398}
		{46B5BBC3-4FA0-36AC-BC00-2843645B65FA} = {46B5BBC3-4FA0-36AC-BC00-2843645B65FA}
	EndProjectSection
EndProject
Project("{8BC9CEB8-8B4A-11D0-8D11-00A0C91BC942}") = "INSTALL", "INSTALL.vcxproj", "{6D5751F5-0F59-3ECF-9CCC-72A293E0BBCE}"
	ProjectSection(ProjectDependencies) = postProject
		{DC792A0E-40AE-3D1C-80DA-2AE72AEAF4FA} = {DC792A0E-40AE-3D1C-80DA-2AE72AEAF4FA}
		{D60BEBA4-94C3-3875-A18D-CD5D074A59C7} = {D60BEBA4-94C3-3875-A18D-CD5D074A59C7}
	EndProjectSection
EndProject
Project("{8BC9CEB8-8B4A-11D0-8D11-00A0C91BC942}") = "UNINSTALL", "UNINSTALL.vcxproj", "{B8BAA11B-352B-37E6-AA9E-1BCB2A4ED410}"
	ProjectSection(ProjectDependencies) = postProject
		{D60BEBA4-94C3-3875-A18D-CD5D074A59C7} = {D60BEBA4-94C3-3875-A18D-CD5D074A59C7}
	EndProjectSection
EndProject
Project("{8BC9CEB8-8B4A-11D0-8D11-00A0C91BC942}") = "ZERO_CHECK", "..\..\\ZERO_CHECK.vcxproj", "{D60BEBA4-94C3-3875-A18D-CD5D074A59C7}"
	ProjectSection(ProjectDependencies) = postProject
	EndProjectSection
EndProject
Project("{8BC9CEB8-8B4A-11D0-8D11-00A0C91BC942}") = "clean_cotire", "libs\base\clean_cotire.vcxproj", "{34BD555E-40EC-3646-8EC4-A24633F7F6E3}"
	ProjectSection(ProjectDependencies) = postProject
		{D60BEBA4-94C3-3875-A18D-CD5D074A59C7} = {D60BEBA4-94C3-3875-A18D-CD5D074A59C7}
	EndProjectSection
EndProject
Project("{8BC9CEB8-8B4A-11D0-8D11-00A0C91BC942}") = "wxadv", "libs\adv\wxadv.vcxproj", "{14E0AFAD-A99A-317A-AFA1-1F95D6656ADF}"
	ProjectSection(ProjectDependencies) = postProject
		{D60BEBA4-94C3-3875-A18D-CD5D074A59C7} = {D60BEBA4-94C3-3875-A18D-CD5D074A59C7}
		{AE52E88E-F354-3CA6-A787-5B464B1412E9} = {AE52E88E-F354-3CA6-A787-5B464B1412E9}
		{F7E9CB1A-8C28-3584-9435-FF037BB8AD0F} = {F7E9CB1A-8C28-3584-9435-FF037BB8AD0F}
	EndProjectSection
EndProject
Project("{8BC9CEB8-8B4A-11D0-8D11-00A0C91BC942}") = "wxaui", "libs\aui\wxaui.vcxproj", "{D35FC7D0-8771-31BB-B14C-A4A2C1D4A304}"
	ProjectSection(ProjectDependencies) = postProject
		{D60BEBA4-94C3-3875-A18D-CD5D074A59C7} = {D60BEBA4-94C3-3875-A18D-CD5D074A59C7}
		{AE52E88E-F354-3CA6-A787-5B464B1412E9} = {AE52E88E-F354-3CA6-A787-5B464B1412E9}
		{F7E9CB1A-8C28-3584-9435-FF037BB8AD0F} = {F7E9CB1A-8C28-3584-9435-FF037BB8AD0F}
	EndProjectSection
EndProject
Project("{8BC9CEB8-8B4A-11D0-8D11-00A0C91BC942}") = "wxbase", "libs\base\wxbase.vcxproj", "{AE52E88E-F354-3CA6-A787-5B464B1412E9}"
	ProjectSection(ProjectDependencies) = postProject
		{D60BEBA4-94C3-3875-A18D-CD5D074A59C7} = {D60BEBA4-94C3-3875-A18D-CD5D074A59C7}
		{4EA7E9F2-1288-39E7-BD9B-5E4F4CB6067E} = {4EA7E9F2-1288-39E7-BD9B-5E4F4CB6067E}
		{46B5BBC3-4FA0-36AC-BC00-2843645B65FA} = {46B5BBC3-4FA0-36AC-BC00-2843645B65FA}
	EndProjectSection
EndProject
Project("{8BC9CEB8-8B4A-11D0-8D11-00A0C91BC942}") = "wxcore", "libs\core\wxcore.vcxproj", "{F7E9CB1A-8C28-3584-9435-FF037BB8AD0F}"
	ProjectSection(ProjectDependencies) = postProject
		{D60BEBA4-94C3-3875-A18D-CD5D074A59C7} = {D60BEBA4-94C3-3875-A18D-CD5D074A59C7}
		{AE52E88E-F354-3CA6-A787-5B464B1412E9} = {AE52E88E-F354-3CA6-A787-5B464B1412E9}
		{B11D4488-F940-3240-8C93-182DE521AB25} = {B11D4488-F940-3240-8C93-182DE521AB25}
		{AD9D136C-7452-3D4E-8779-C051C6AD4034} = {AD9D136C-7452-3D4E-8779-C051C6AD4034}
		{77C3B83E-EB90-3DB4-A891-B4878C0E14CC} = {77C3B83E-EB90-3DB4-A891-B4878C0E14CC}
		{46B5BBC3-4FA0-36AC-BC00-2843645B65FA} = {46B5BBC3-4FA0-36AC-BC00-2843645B65FA}
	EndProjectSection
EndProject
Project("{8BC9CEB8-8B4A-11D0-8D11-00A0C91BC942}") = "wxexpat", "libs\wxexpat.vcxproj", "{45EB0FFE-D5A3-370D-9227-CD6AE7141D44}"
	ProjectSection(ProjectDependencies) = postProject
		{D60BEBA4-94C3-3875-A18D-CD5D074A59C7} = {D60BEBA4-94C3-3875-A18D-CD5D074A59C7}
	EndProjectSection
EndProject
Project("{8BC9CEB8-8B4A-11D0-8D11-00A0C91BC942}") = "wxgl", "libs\gl\wxgl.vcxproj", "{D5E4D062-B283-31AD-9B80-9449A72ADD90}"
	ProjectSection(ProjectDependencies) = postProject
		{D60BEBA4-94C3-3875-A18D-CD5D074A59C7} = {D60BEBA4-94C3-3875-A18D-CD5D074A59C7}
		{AE52E88E-F354-3CA6-A787-5B464B1412E9} = {AE52E88E-F354-3CA6-A787-5B464B1412E9}
		{F7E9CB1A-8C28-3584-9435-FF037BB8AD0F} = {F7E9CB1A-8C28-3584-9435-FF037BB8AD0F}
	EndProjectSection
EndProject
Project("{8BC9CEB8-8B4A-11D0-8D11-00A0C91BC942}") = "wxhtml", "libs\html\wxhtml.vcxproj", "{2A3516A0-BD22-3BA3-9A2F-70472C3BE800}"
	ProjectSection(ProjectDependencies) = postProject
		{D60BEBA4-94C3-3875-A18D-CD5D074A59C7} = {D60BEBA4-94C3-3875-A18D-CD5D074A59C7}
		{AE52E88E-F354-3CA6-A787-5B464B1412E9} = {AE52E88E-F354-3CA6-A787-5B464B1412E9}
		{F7E9CB1A-8C28-3584-9435-FF037BB8AD0F} = {F7E9CB1A-8C28-3584-9435-FF037BB8AD0F}
	EndProjectSection
EndProject
Project("{8BC9CEB8-8B4A-11D0-8D11-00A0C91BC942}") = "wxjpeg", "libs\wxjpeg.vcxproj", "{B11D4488-F940-3240-8C93-182DE521AB25}"
	ProjectSection(ProjectDependencies) = postProject
		{D60BEBA4-94C3-3875-A18D-CD5D074A59C7} = {D60BEBA4-94C3-3875-A18D-CD5D074A59C7}
	EndProjectSection
EndProject
Project("{8BC9CEB8-8B4A-11D0-8D11-00A0C91BC942}") = "wxmedia", "libs\media\wxmedia.vcxproj", "{9337ADC6-3714-3116-ACE6-215BB441180A}"
	ProjectSection(ProjectDependencies) = postProject
		{D60BEBA4-94C3-3875-A18D-CD5D074A59C7} = {D60BEBA4-94C3-3875-A18D-CD5D074A59C7}
		{AE52E88E-F354-3CA6-A787-5B464B1412E9} = {AE52E88E-F354-3CA6-A787-5B464B1412E9}
		{F7E9CB1A-8C28-3584-9435-FF037BB8AD0F} = {F7E9CB1A-8C28-3584-9435-FF037BB8AD0F}
	EndProjectSection
EndProject
Project("{8BC9CEB8-8B4A-11D0-8D11-00A0C91BC942}") = "wxnet", "libs\net\wxnet.vcxproj", "{F594860F-70F9-3C59-A85C-5B3F3F5C5B94}"
	ProjectSection(ProjectDependencies) = postProject
		{D60BEBA4-94C3-3875-A18D-CD5D074A59C7} = {D60BEBA4-94C3-3875-A18D-CD5D074A59C7}
		{AE52E88E-F354-3CA6-A787-5B464B1412E9} = {AE52E88E-F354-3CA6-A787-5B464B1412E9}
	EndProjectSection
EndProject
Project("{8BC9CEB8-8B4A-11D0-8D11-00A0C91BC942}") = "wxpng", "libs\wxpng.vcxproj", "{AD9D136C-7452-3D4E-8779-C051C6AD4034}"
	ProjectSection(ProjectDependencies) = postProject
		{D60BEBA4-94C3-3875-A18D-CD5D074A59C7} = {D60BEBA4-94C3-3875-A18D-CD5D074A59C7}
		{46B5BBC3-4FA0-36AC-BC00-2843645B65FA} = {46B5BBC3-4FA0-36AC-BC00-2843645B65FA}
	EndProjectSection
EndProject
Project("{8BC9CEB8-8B4A-11D0-8D11-00A0C91BC942}") = "wxpropgrid", "libs\propgrid\wxpropgrid.vcxproj", "{C5FE668E-8F98-398F-8991-0C5EBD5A567F}"
	ProjectSection(ProjectDependencies) = postProject
		{D60BEBA4-94C3-3875-A18D-CD5D074A59C7} = {D60BEBA4-94C3-3875-A18D-CD5D074A59C7}
		{AE52E88E-F354-3CA6-A787-5B464B1412E9} = {AE52E88E-F354-3CA6-A787-5B464B1412E9}
		{F7E9CB1A-8C28-3584-9435-FF037BB8AD0F} = {F7E9CB1A-8C28-3584-9435-FF037BB8AD0F}
	EndProjectSection
EndProject
Project("{8BC9CEB8-8B4A-11D0-8D11-00A0C91BC942}") = "wxqa", "libs\qa\wxqa.vcxproj", "{B44F039F-B761-3AF2-965B-32311C248859}"
	ProjectSection(ProjectDependencies) = postProject
		{D60BEBA4-94C3-3875-A18D-CD5D074A59C7} = {D60BEBA4-94C3-3875-A18D-CD5D074A59C7}
		{AE52E88E-F354-3CA6-A787-5B464B1412E9} = {AE52E88E-F354-3CA6-A787-5B464B1412E9}
		{F7E9CB1A-8C28-3584-9435-FF037BB8AD0F} = {F7E9CB1A-8C28-3584-9435-FF037BB8AD0F}
		{7102BF8C-EDB1-3111-A28E-871FC628E620} = {7102BF8C-EDB1-3111-A28E-871FC628E620}
	EndProjectSection
EndProject
Project("{8BC9CEB8-8B4A-11D0-8D11-00A0C91BC942}") = "wxrc", "utils\wxrc.vcxproj", "{8C2DCDB8-2B37-3FEF-91B1-C7D79F925495}"
	ProjectSection(ProjectDependencies) = postProject
		{D60BEBA4-94C3-3875-A18D-CD5D074A59C7} = {D60BEBA4-94C3-3875-A18D-CD5D074A59C7}
		{AE52E88E-F354-3CA6-A787-5B464B1412E9} = {AE52E88E-F354-3CA6-A787-5B464B1412E9}
		{7102BF8C-EDB1-3111-A28E-871FC628E620} = {7102BF8C-EDB1-3111-A28E-871FC628E620}
	EndProjectSection
EndProject
Project("{8BC9CEB8-8B4A-11D0-8D11-00A0C91BC942}") = "wxregex", "libs\wxregex.vcxproj", "{4EA7E9F2-1288-39E7-BD9B-5E4F4CB6067E}"
	ProjectSection(ProjectDependencies) = postProject
		{D60BEBA4-94C3-3875-A18D-CD5D074A59C7} = {D60BEBA4-94C3-3875-A18D-CD5D074A59C7}
	EndProjectSection
EndProject
Project("{8BC9CEB8-8B4A-11D0-8D11-00A0C91BC942}") = "wxribbon", "libs\ribbon\wxribbon.vcxproj", "{980D950A-41E5-3D45-A737-CD4BA2FD1FF0}"
	ProjectSection(ProjectDependencies) = postProject
		{D60BEBA4-94C3-3875-A18D-CD5D074A59C7} = {D60BEBA4-94C3-3875-A18D-CD5D074A59C7}
		{AE52E88E-F354-3CA6-A787-5B464B1412E9} = {AE52E88E-F354-3CA6-A787-5B464B1412E9}
		{F7E9CB1A-8C28-3584-9435-FF037BB8AD0F} = {F7E9CB1A-8C28-3584-9435-FF037BB8AD0F}
	EndProjectSection
EndProject
Project("{8BC9CEB8-8B4A-11D0-8D11-00A0C91BC942}") = "wxrichtext", "libs\richtext\wxrichtext.vcxproj", "{A7A718F7-ED7A-3EF7-BE1A-94A48F35736B}"
	ProjectSection(ProjectDependencies) = postProject
		{D60BEBA4-94C3-3875-A18D-CD5D074A59C7} = {D60BEBA4-94C3-3875-A18D-CD5D074A59C7}
		{AE52E88E-F354-3CA6-A787-5B464B1412E9} = {AE52E88E-F354-3CA6-A787-5B464B1412E9}
		{F7E9CB1A-8C28-3584-9435-FF037BB8AD0F} = {F7E9CB1A-8C28-3584-9435-FF037BB8AD0F}
		{2A3516A0-BD22-3BA3-9A2F-70472C3BE800} = {2A3516A0-BD22-3BA3-9A2F-70472C3BE800}
		{7102BF8C-EDB1-3111-A28E-871FC628E620} = {7102BF8C-EDB1-3111-A28E-871FC628E620}
	EndProjectSection
EndProject
Project("{8BC9CEB8-8B4A-11D0-8D11-00A0C91BC942}") = "wxscintilla", "libs\stc\wxscintilla.vcxproj", "{C391A88B-E7F9-39E1-9943-61FA723E0A22}"
	ProjectSection(ProjectDependencies) = postProject
		{D60BEBA4-94C3-3875-A18D-CD5D074A59C7} = {D60BEBA4-94C3-3875-A18D-CD5D074A59C7}
	EndProjectSection
EndProject
Project("{8BC9CEB8-8B4A-11D0-8D11-00A0C91BC942}") = "wxstc", "libs\stc\wxstc.vcxproj", "{BE05D9B0-6002-36CE-9DC2-98737B5B52CE}"
	ProjectSection(ProjectDependencies) = postProject
		{D60BEBA4-94C3-3875-A18D-CD5D074A59C7} = {D60BEBA4-94C3-3875-A18D-CD5D074A59C7}
		{AE52E88E-F354-3CA6-A787-5B464B1412E9} = {AE52E88E-F354-3CA6-A787-5B464B1412E9}
		{F7E9CB1A-8C28-3584-9435-FF037BB8AD0F} = {F7E9CB1A-8C28-3584-9435-FF037BB8AD0F}
		{C391A88B-E7F9-39E1-9943-61FA723E0A22} = {C391A88B-E7F9-39E1-9943-61FA723E0A22}
	EndProjectSection
EndProject
Project("{8BC9CEB8-8B4A-11D0-8D11-00A0C91BC942}") = "wxtiff", "libs\wxtiff.vcxproj", "{77C3B83E-EB90-3DB4-A891-B4878C0E14CC}"
	ProjectSection(ProjectDependencies) = postProject
		{D60BEBA4-94C3-3875-A18D-CD5D074A59C7} = {D60BEBA4-94C3-3875-A18D-CD5D074A59C7}
		{B11D4488-F940-3240-8C93-182DE521AB25} = {B11D4488-F940-3240-8C93-182DE521AB25}
		{46B5BBC3-4FA0-36AC-BC00-2843645B65FA} = {46B5BBC3-4FA0-36AC-BC00-2843645B65FA}
	EndProjectSection
EndProject
Project("{8BC9CEB8-8B4A-11D0-8D11-00A0C91BC942}") = "wxwebview", "libs\webview\wxwebview.vcxproj", "{BFDA7F01-20B4-348B-9043-00EE3B11CE2E}"
	ProjectSection(ProjectDependencies) = postProject
		{D60BEBA4-94C3-3875-A18D-CD5D074A59C7} = {D60BEBA4-94C3-3875-A18D-CD5D074A59C7}
		{AE52E88E-F354-3CA6-A787-5B464B1412E9} = {AE52E88E-F354-3CA6-A787-5B464B1412E9}
		{F7E9CB1A-8C28-3584-9435-FF037BB8AD0F} = {F7E9CB1A-8C28-3584-9435-FF037BB8AD0F}
	EndProjectSection
EndProject
Project("{8BC9CEB8-8B4A-11D0-8D11-00A0C91BC942}") = "wxxml", "libs\xml\wxxml.vcxproj", "{7102BF8C-EDB1-3111-A28E-871FC628E620}"
	ProjectSection(ProjectDependencies) = postProject
		{D60BEBA4-94C3-3875-A18D-CD5D074A59C7} = {D60BEBA4-94C3-3875-A18D-CD5D074A59C7}
		{AE52E88E-F354-3CA6-A787-5B464B1412E9} = {AE52E88E-F354-3CA6-A787-5B464B1412E9}
		{45EB0FFE-D5A3-370D-9227-CD6AE7141D44} = {45EB0FFE-D5A3-370D-9227-CD6AE7141D44}
	EndProjectSection
EndProject
Project("{8BC9CEB8-8B4A-11D0-8D11-00A0C91BC942}") = "wxxrc", "libs\xrc\wxxrc.vcxproj", "{DEB527AE-8C1F-3F97-A990-36DAE39C9398}"
	ProjectSection(ProjectDependencies) = postProject
		{D60BEBA4-94C3-3875-A18D-CD5D074A59C7} = {D60BEBA4-94C3-3875-A18D-CD5D074A59C7}
		{AE52E88E-F354-3CA6-A787-5B464B1412E9} = {AE52E88E-F354-3CA6-A787-5B464B1412E9}
		{F7E9CB1A-8C28-3584-9435-FF037BB8AD0F} = {F7E9CB1A-8C28-3584-9435-FF037BB8AD0F}
		{2A3516A0-BD22-3BA3-9A2F-70472C3BE800} = {2A3516A0-BD22-3BA3-9A2F-70472C3BE800}
		{7102BF8C-EDB1-3111-A28E-871FC628E620} = {7102BF8C-EDB1-3111-A28E-871FC628E620}
	EndProjectSection
EndProject
Project("{8BC9CEB8-8B4A-11D0-8D11-00A0C91BC942}") = "wxzlib", "libs\wxzlib.vcxproj", "{46B5BBC3-4FA0-36AC-BC00-2843645B65FA}"
	ProjectSection(ProjectDependencies) = postProject
		{D60BEBA4-94C3-3875-A18D-CD5D074A59C7} = {D60BEBA4-94C3-3875-A18D-CD5D074A59C7}
	EndProjectSection
EndProject
Global
	GlobalSection(SolutionConfigurationPlatforms) = preSolution
		Debug|Win32 = Debug|Win32
		Release|Win32 = Release|Win32
		MinSizeRel|Win32 = MinSizeRel|Win32
		RelWithDebInfo|Win32 = RelWithDebInfo|Win32
	EndGlobalSection
	GlobalSection(ProjectConfigurationPlatforms) = postSolution
		{DC792A0E-40AE-3D1C-80DA-2AE72AEAF4FA}.Debug|Win32.ActiveCfg = Debug|Win32
		{DC792A0E-40AE-3D1C-80DA-2AE72AEAF4FA}.Debug|Win32.Build.0 = Debug|Win32
		{DC792A0E-40AE-3D1C-80DA-2AE72AEAF4FA}.Release|Win32.ActiveCfg = Release|Win32
		{DC792A0E-40AE-3D1C-80DA-2AE72AEAF4FA}.Release|Win32.Build.0 = Release|Win32
		{DC792A0E-40AE-3D1C-80DA-2AE72AEAF4FA}.MinSizeRel|Win32.ActiveCfg = MinSizeRel|Win32
		{DC792A0E-40AE-3D1C-80DA-2AE72AEAF4FA}.MinSizeRel|Win32.Build.0 = MinSizeRel|Win32
		{DC792A0E-40AE-3D1C-80DA-2AE72AEAF4FA}.RelWithDebInfo|Win32.ActiveCfg = RelWithDebInfo|Win32
		{DC792A0E-40AE-3D1C-80DA-2AE72AEAF4FA}.RelWithDebInfo|Win32.Build.0 = RelWithDebInfo|Win32
		{6D5751F5-0F59-3ECF-9CCC-72A293E0BBCE}.Debug|Win32.ActiveCfg = Debug|Win32
		{6D5751F5-0F59-3ECF-9CCC-72A293E0BBCE}.Release|Win32.ActiveCfg = Release|Win32
		{6D5751F5-0F59-3ECF-9CCC-72A293E0BBCE}.MinSizeRel|Win32.ActiveCfg = MinSizeRel|Win32
		{6D5751F5-0F59-3ECF-9CCC-72A293E0BBCE}.RelWithDebInfo|Win32.ActiveCfg = RelWithDebInfo|Win32
		{B8BAA11B-352B-37E6-AA9E-1BCB2A4ED410}.Debug|Win32.ActiveCfg = Debug|Win32
		{B8BAA11B-352B-37E6-AA9E-1BCB2A4ED410}.Release|Win32.ActiveCfg = Release|Win32
		{B8BAA11B-352B-37E6-AA9E-1BCB2A4ED410}.MinSizeRel|Win32.ActiveCfg = MinSizeRel|Win32
		{B8BAA11B-352B-37E6-AA9E-1BCB2A4ED410}.RelWithDebInfo|Win32.ActiveCfg = RelWithDebInfo|Win32
		{D60BEBA4-94C3-3875-A18D-CD5D074A59C7}.Debug|Win32.ActiveCfg = Debug|Win32
		{D60BEBA4-94C3-3875-A18D-CD5D074A59C7}.Debug|Win32.Build.0 = Debug|Win32
		{D60BEBA4-94C3-3875-A18D-CD5D074A59C7}.Release|Win32.ActiveCfg = Release|Win32
		{D60BEBA4-94C3-3875-A18D-CD5D074A59C7}.Release|Win32.Build.0 = Release|Win32
		{D60BEBA4-94C3-3875-A18D-CD5D074A59C7}.MinSizeRel|Win32.ActiveCfg = MinSizeRel|Win32
		{D60BEBA4-94C3-3875-A18D-CD5D074A59C7}.MinSizeRel|Win32.Build.0 = MinSizeRel|Win32
		{D60BEBA4-94C3-3875-A18D-CD5D074A59C7}.RelWithDebInfo|Win32.ActiveCfg = RelWithDebInfo|Win32
		{D60BEBA4-94C3-3875-A18D-CD5D074A59C7}.RelWithDebInfo|Win32.Build.0 = RelWithDebInfo|Win32
		{34BD555E-40EC-3646-8EC4-A24633F7F6E3}.Debug|Win32.ActiveCfg = Debug|Win32
		{34BD555E-40EC-3646-8EC4-A24633F7F6E3}.Release|Win32.ActiveCfg = Release|Win32
		{34BD555E-40EC-3646-8EC4-A24633F7F6E3}.MinSizeRel|Win32.ActiveCfg = MinSizeRel|Win32
		{34BD555E-40EC-3646-8EC4-A24633F7F6E3}.RelWithDebInfo|Win32.ActiveCfg = RelWithDebInfo|Win32
		{14E0AFAD-A99A-317A-AFA1-1F95D6656ADF}.Debug|Win32.ActiveCfg = Debug|Win32
		{14E0AFAD-A99A-317A-AFA1-1F95D6656ADF}.Debug|Win32.Build.0 = Debug|Win32
		{14E0AFAD-A99A-317A-AFA1-1F95D6656ADF}.Release|Win32.ActiveCfg = Release|Win32
		{14E0AFAD-A99A-317A-AFA1-1F95D6656ADF}.Release|Win32.Build.0 = Release|Win32
		{14E0AFAD-A99A-317A-AFA1-1F95D6656ADF}.MinSizeRel|Win32.ActiveCfg = MinSizeRel|Win32
		{14E0AFAD-A99A-317A-AFA1-1F95D6656ADF}.MinSizeRel|Win32.Build.0 = MinSizeRel|Win32
		{14E0AFAD-A99A-317A-AFA1-1F95D6656ADF}.RelWithDebInfo|Win32.ActiveCfg = RelWithDebInfo|Win32
		{14E0AFAD-A99A-317A-AFA1-1F95D6656ADF}.RelWithDebInfo|Win32.Build.0 = RelWithDebInfo|Win32
		{D35FC7D0-8771-31BB-B14C-A4A2C1D4A304}.Debug|Win32.ActiveCfg = Debug|Win32
		{D35FC7D0-8771-31BB-B14C-A4A2C1D4A304}.Debug|Win32.Build.0 = Debug|Win32
		{D35FC7D0-8771-31BB-B14C-A4A2C1D4A304}.Release|Win32.ActiveCfg = Release|Win32
		{D35FC7D0-8771-31BB-B14C-A4A2C1D4A304}.Release|Win32.Build.0 = Release|Win32
		{D35FC7D0-8771-31BB-B14C-A4A2C1D4A304}.MinSizeRel|Win32.ActiveCfg = MinSizeRel|Win32
		{D35FC7D0-8771-31BB-B14C-A4A2C1D4A304}.MinSizeRel|Win32.Build.0 = MinSizeRel|Win32
		{D35FC7D0-8771-31BB-B14C-A4A2C1D4A304}.RelWithDebInfo|Win32.ActiveCfg = RelWithDebInfo|Win32
		{D35FC7D0-8771-31BB-B14C-A4A2C1D4A304}.RelWithDebInfo|Win32.Build.0 = RelWithDebInfo|Win32
		{AE52E88E-F354-3CA6-A787-5B464B1412E9}.Debug|Win32.ActiveCfg = Debug|Win32
		{AE52E88E-F354-3CA6-A787-5B464B1412E9}.Debug|Win32.Build.0 = Debug|Win32
		{AE52E88E-F354-3CA6-A787-5B464B1412E9}.Release|Win32.ActiveCfg = Release|Win32
		{AE52E88E-F354-3CA6-A787-5B464B1412E9}.Release|Win32.Build.0 = Release|Win32
		{AE52E88E-F354-3CA6-A787-5B464B1412E9}.MinSizeRel|Win32.ActiveCfg = MinSizeRel|Win32
		{AE52E88E-F354-3CA6-A787-5B464B1412E9}.MinSizeRel|Win32.Build.0 = MinSizeRel|Win32
		{AE52E88E-F354-3CA6-A787-5B464B1412E9}.RelWithDebInfo|Win32.ActiveCfg = RelWithDebInfo|Win32
		{AE52E88E-F354-3CA6-A787-5B464B1412E9}.RelWithDebInfo|Win32.Build.0 = RelWithDebInfo|Win32
		{F7E9CB1A-8C28-3584-9435-FF037BB8AD0F}.Debug|Win32.ActiveCfg = Debug|Win32
		{F7E9CB1A-8C28-3584-9435-FF037BB8AD0F}.Debug|Win32.Build.0 = Debug|Win32
		{F7E9CB1A-8C28-3584-9435-FF037BB8AD0F}.Release|Win32.ActiveCfg = Release|Win32
		{F7E9CB1A-8C28-3584-9435-FF037BB8AD0F}.Release|Win32.Build.0 = Release|Win32
		{F7E9CB1A-8C28-3584-9435-FF037BB8AD0F}.MinSizeRel|Win32.ActiveCfg = MinSizeRel|Win32
		{F7E9CB1A-8C28-3584-9435-FF037BB8AD0F}.MinSizeRel|Win32.Build.0 = MinSizeRel|Win32
		{F7E9CB1A-8C28-3584-9435-FF037BB8AD0F}.RelWithDebInfo|Win32.ActiveCfg = RelWithDebInfo|Win32
		{F7E9CB1A-8C28-3584-9435-FF037BB8AD0F}.RelWithDebInfo|Win32.Build.0 = RelWithDebInfo|Win32
		{45EB0FFE-D5A3-370D-9227-CD6AE7141D44}.Debug|Win32.ActiveCfg = Debug|Win32
		{45EB0FFE-D5A3-370D-9227-CD6AE7141D44}.Debug|Win32.Build.0 = Debug|Win32
		{45EB0FFE-D5A3-370D-9227-CD6AE7141D44}.Release|Win32.ActiveCfg = Release|Win32
		{45EB0FFE-D5A3-370D-9227-CD6AE7141D44}.Release|Win32.Build.0 = Release|Win32
		{45EB0FFE-D5A3-370D-9227-CD6AE7141D44}.MinSizeRel|Win32.ActiveCfg = MinSizeRel|Win32
		{45EB0FFE-D5A3-370D-9227-CD6AE7141D44}.MinSizeRel|Win32.Build.0 = MinSizeRel|Win32
		{45EB0FFE-D5A3-370D-9227-CD6AE7141D44}.RelWithDebInfo|Win32.ActiveCfg = RelWithDebInfo|Win32
		{45EB0FFE-D5A3-370D-9227-CD6AE7141D44}.RelWithDebInfo|Win32.Build.0 = RelWithDebInfo|Win32
		{D5E4D062-B283-31AD-9B80-9449A72ADD90}.Debug|Win32.ActiveCfg = Debug|Win32
		{D5E4D062-B283-31AD-9B80-9449A72ADD90}.Debug|Win32.Build.0 = Debug|Win32
		{D5E4D062-B283-31AD-9B80-9449A72ADD90}.Release|Win32.ActiveCfg = Release|Win32
		{D5E4D062-B283-31AD-9B80-9449A72ADD90}.Release|Win32.Build.0 = Release|Win32
		{D5E4D062-B283-31AD-9B80-9449A72ADD90}.MinSizeRel|Win32.ActiveCfg = MinSizeRel|Win32
		{D5E4D062-B283-31AD-9B80-9449A72ADD90}.MinSizeRel|Win32.Build.0 = MinSizeRel|Win32
		{D5E4D062-B283-31AD-9B80-9449A72ADD90}.RelWithDebInfo|Win32.ActiveCfg = RelWithDebInfo|Win32
		{D5E4D062-B283-31AD-9B80-9449A72ADD90}.RelWithDebInfo|Win32.Build.0 = RelWithDebInfo|Win32
		{2A3516A0-BD22-3BA3-9A2F-70472C3BE800}.Debug|Win32.ActiveCfg = Debug|Win32
		{2A3516A0-BD22-3BA3-9A2F-70472C3BE800}.Debug|Win32.Build.0 = Debug|Win32
		{2A3516A0-BD22-3BA3-9A2F-70472C3BE800}.Release|Win32.ActiveCfg = Release|Win32
		{2A3516A0-BD22-3BA3-9A2F-70472C3BE800}.Release|Win32.Build.0 = Release|Win32
		{2A3516A0-BD22-3BA3-9A2F-70472C3BE800}.MinSizeRel|Win32.ActiveCfg = MinSizeRel|Win32
		{2A3516A0-BD22-3BA3-9A2F-70472C3BE800}.MinSizeRel|Win32.Build.0 = MinSizeRel|Win32
		{2A3516A0-BD22-3BA3-9A2F-70472C3BE800}.RelWithDebInfo|Win32.ActiveCfg = RelWithDebInfo|Win32
		{2A3516A0-BD22-3BA3-9A2F-70472C3BE800}.RelWithDebInfo|Win32.Build.0 = RelWithDebInfo|Win32
		{B11D4488-F940-3240-8C93-182DE521AB25}.Debug|Win32.ActiveCfg = Debug|Win32
		{B11D4488-F940-3240-8C93-182DE521AB25}.Debug|Win32.Build.0 = Debug|Win32
		{B11D4488-F940-3240-8C93-182DE521AB25}.Release|Win32.ActiveCfg = Release|Win32
		{B11D4488-F940-3240-8C93-182DE521AB25}.Release|Win32.Build.0 = Release|Win32
		{B11D4488-F940-3240-8C93-182DE521AB25}.MinSizeRel|Win32.ActiveCfg = MinSizeRel|Win32
		{B11D4488-F940-3240-8C93-182DE521AB25}.MinSizeRel|Win32.Build.0 = MinSizeRel|Win32
		{B11D4488-F940-3240-8C93-182DE521AB25}.RelWithDebInfo|Win32.ActiveCfg = RelWithDebInfo|Win32
		{B11D4488-F940-3240-8C93-182DE521AB25}.RelWithDebInfo|Win32.Build.0 = RelWithDebInfo|Win32
		{9337ADC6-3714-3116-ACE6-215BB441180A}.Debug|Win32.ActiveCfg = Debug|Win32
		{9337ADC6-3714-3116-ACE6-215BB441180A}.Debug|Win32.Build.0 = Debug|Win32
		{9337ADC6-3714-3116-ACE6-215BB441180A}.Release|Win32.ActiveCfg = Release|Win32
		{9337ADC6-3714-3116-ACE6-215BB441180A}.Release|Win32.Build.0 = Release|Win32
		{9337ADC6-3714-3116-ACE6-215BB441180A}.MinSizeRel|Win32.ActiveCfg = MinSizeRel|Win32
		{9337ADC6-3714-3116-ACE6-215BB441180A}.MinSizeRel|Win32.Build.0 = MinSizeRel|Win32
		{9337ADC6-3714-3116-ACE6-215BB441180A}.RelWithDebInfo|Win32.ActiveCfg = RelWithDebInfo|Win32
		{9337ADC6-3714-3116-ACE6-215BB441180A}.RelWithDebInfo|Win32.Build.0 = RelWithDebInfo|Win32
		{F594860F-70F9-3C59-A85C-5B3F3F5C5B94}.Debug|Win32.ActiveCfg = Debug|Win32
		{F594860F-70F9-3C59-A85C-5B3F3F5C5B94}.Debug|Win32.Build.0 = Debug|Win32
		{F594860F-70F9-3C59-A85C-5B3F3F5C5B94}.Release|Win32.ActiveCfg = Release|Win32
		{F594860F-70F9-3C59-A85C-5B3F3F5C5B94}.Release|Win32.Build.0 = Release|Win32
		{F594860F-70F9-3C59-A85C-5B3F3F5C5B94}.MinSizeRel|Win32.ActiveCfg = MinSizeRel|Win32
		{F594860F-70F9-3C59-A85C-5B3F3F5C5B94}.MinSizeRel|Win32.Build.0 = MinSizeRel|Win32
		{F594860F-70F9-3C59-A85C-5B3F3F5C5B94}.RelWithDebInfo|Win32.ActiveCfg = RelWithDebInfo|Win32
		{F594860F-70F9-3C59-A85C-5B3F3F5C5B94}.RelWithDebInfo|Win32.Build.0 = RelWithDebInfo|Win32
		{AD9D136C-7452-3D4E-8779-C051C6AD4034}.Debug|Win32.ActiveCfg = Debug|Win32
		{AD9D136C-7452-3D4E-8779-C051C6AD4034}.Debug|Win32.Build.0 = Debug|Win32
		{AD9D136C-7452-3D4E-8779-C051C6AD4034}.Release|Win32.ActiveCfg = Release|Win32
		{AD9D136C-7452-3D4E-8779-C051C6AD4034}.Release|Win32.Build.0 = Release|Win32
		{AD9D136C-7452-3D4E-8779-C051C6AD4034}.MinSizeRel|Win32.ActiveCfg = MinSizeRel|Win32
		{AD9D136C-7452-3D4E-8779-C051C6AD4034}.MinSizeRel|Win32.Build.0 = MinSizeRel|Win32
		{AD9D136C-7452-3D4E-8779-C051C6AD4034}.RelWithDebInfo|Win32.ActiveCfg = RelWithDebInfo|Win32
		{AD9D136C-7452-3D4E-8779-C051C6AD4034}.RelWithDebInfo|Win32.Build.0 = RelWithDebInfo|Win32
		{C5FE668E-8F98-398F-8991-0C5EBD5A567F}.Debug|Win32.ActiveCfg = Debug|Win32
		{C5FE668E-8F98-398F-8991-0C5EBD5A567F}.Debug|Win32.Build.0 = Debug|Win32
		{C5FE668E-8F98-398F-8991-0C5EBD5A567F}.Release|Win32.ActiveCfg = Release|Win32
		{C5FE668E-8F98-398F-8991-0C5EBD5A567F}.Release|Win32.Build.0 = Release|Win32
		{C5FE668E-8F98-398F-8991-0C5EBD5A567F}.MinSizeRel|Win32.ActiveCfg = MinSizeRel|Win32
		{C5FE668E-8F98-398F-8991-0C5EBD5A567F}.MinSizeRel|Win32.Build.0 = MinSizeRel|Win32
		{C5FE668E-8F98-398F-8991-0C5EBD5A567F}.RelWithDebInfo|Win32.ActiveCfg = RelWithDebInfo|Win32
		{C5FE668E-8F98-398F-8991-0C5EBD5A567F}.RelWithDebInfo|Win32.Build.0 = RelWithDebInfo|Win32
		{B44F039F-B761-3AF2-965B-32311C248859}.Debug|Win32.ActiveCfg = Debug|Win32
		{B44F039F-B761-3AF2-965B-32311C248859}.Debug|Win32.Build.0 = Debug|Win32
		{B44F039F-B761-3AF2-965B-32311C248859}.Release|Win32.ActiveCfg = Release|Win32
		{B44F039F-B761-3AF2-965B-32311C248859}.Release|Win32.Build.0 = Release|Win32
		{B44F039F-B761-3AF2-965B-32311C248859}.MinSizeRel|Win32.ActiveCfg = MinSizeRel|Win32
		{B44F039F-B761-3AF2-965B-32311C248859}.MinSizeRel|Win32.Build.0 = MinSizeRel|Win32
		{B44F039F-B761-3AF2-965B-32311C248859}.RelWithDebInfo|Win32.ActiveCfg = RelWithDebInfo|Win32
		{B44F039F-B761-3AF2-965B-32311C248859}.RelWithDebInfo|Win32.Build.0 = RelWithDebInfo|Win32
		{8C2DCDB8-2B37-3FEF-91B1-C7D79F925495}.Debug|Win32.ActiveCfg = Debug|Win32
		{8C2DCDB8-2B37-3FEF-91B1-C7D79F925495}.Debug|Win32.Build.0 = Debug|Win32
		{8C2DCDB8-2B37-3FEF-91B1-C7D79F925495}.Release|Win32.ActiveCfg = Release|Win32
		{8C2DCDB8-2B37-3FEF-91B1-C7D79F925495}.Release|Win32.Build.0 = Release|Win32
		{8C2DCDB8-2B37-3FEF-91B1-C7D79F925495}.MinSizeRel|Win32.ActiveCfg = MinSizeRel|Win32
		{8C2DCDB8-2B37-3FEF-91B1-C7D79F925495}.MinSizeRel|Win32.Build.0 = MinSizeRel|Win32
		{8C2DCDB8-2B37-3FEF-91B1-C7D79F925495}.RelWithDebInfo|Win32.ActiveCfg = RelWithDebInfo|Win32
		{8C2DCDB8-2B37-3FEF-91B1-C7D79F925495}.RelWithDebInfo|Win32.Build.0 = RelWithDebInfo|Win32
		{4EA7E9F2-1288-39E7-BD9B-5E4F4CB6067E}.Debug|Win32.ActiveCfg = Debug|Win32
		{4EA7E9F2-1288-39E7-BD9B-5E4F4CB6067E}.Debug|Win32.Build.0 = Debug|Win32
		{4EA7E9F2-1288-39E7-BD9B-5E4F4CB6067E}.Release|Win32.ActiveCfg = Release|Win32
		{4EA7E9F2-1288-39E7-BD9B-5E4F4CB6067E}.Release|Win32.Build.0 = Release|Win32
		{4EA7E9F2-1288-39E7-BD9B-5E4F4CB6067E}.MinSizeRel|Win32.ActiveCfg = MinSizeRel|Win32
		{4EA7E9F2-1288-39E7-BD9B-5E4F4CB6067E}.MinSizeRel|Win32.Build.0 = MinSizeRel|Win32
		{4EA7E9F2-1288-39E7-BD9B-5E4F4CB6067E}.RelWithDebInfo|Win32.ActiveCfg = RelWithDebInfo|Win32
		{4EA7E9F2-1288-39E7-BD9B-5E4F4CB6067E}.RelWithDebInfo|Win32.Build.0 = RelWithDebInfo|Win32
		{980D950A-41E5-3D45-A737-CD4BA2FD1FF0}.Debug|Win32.ActiveCfg = Debug|Win32
		{980D950A-41E5-3D45-A737-CD4BA2FD1FF0}.Debug|Win32.Build.0 = Debug|Win32
		{980D950A-41E5-3D45-A737-CD4BA2FD1FF0}.Release|Win32.ActiveCfg = Release|Win32
		{980D950A-41E5-3D45-A737-CD4BA2FD1FF0}.Release|Win32.Build.0 = Release|Win32
		{980D950A-41E5-3D45-A737-CD4BA2FD1FF0}.MinSizeRel|Win32.ActiveCfg = MinSizeRel|Win32
		{980D950A-41E5-3D45-A737-CD4BA2FD1FF0}.MinSizeRel|Win32.Build.0 = MinSizeRel|Win32
		{980D950A-41E5-3D45-A737-CD4BA2FD1FF0}.RelWithDebInfo|Win32.ActiveCfg = RelWithDebInfo|Win32
		{980D950A-41E5-3D45-A737-CD4BA2FD1FF0}.RelWithDebInfo|Win32.Build.0 = RelWithDebInfo|Win32
		{A7A718F7-ED7A-3EF7-BE1A-94A48F35736B}.Debug|Win32.ActiveCfg = Debug|Win32
		{A7A718F7-ED7A-3EF7-BE1A-94A48F35736B}.Debug|Win32.Build.0 = Debug|Win32
		{A7A718F7-ED7A-3EF7-BE1A-94A48F35736B}.Release|Win32.ActiveCfg = Release|Win32
		{A7A718F7-ED7A-3EF7-BE1A-94A48F35736B}.Release|Win32.Build.0 = Release|Win32
		{A7A718F7-ED7A-3EF7-BE1A-94A48F35736B}.MinSizeRel|Win32.ActiveCfg = MinSizeRel|Win32
		{A7A718F7-ED7A-3EF7-BE1A-94A48F35736B}.MinSizeRel|Win32.Build.0 = MinSizeRel|Win32
		{A7A718F7-ED7A-3EF7-BE1A-94A48F35736B}.RelWithDebInfo|Win32.ActiveCfg = RelWithDebInfo|Win32
		{A7A718F7-ED7A-3EF7-BE1A-94A48F35736B}.RelWithDebInfo|Win32.Build.0 = RelWithDebInfo|Win32
		{C391A88B-E7F9-39E1-9943-61FA723E0A22}.Debug|Win32.ActiveCfg = Debug|Win32
		{C391A88B-E7F9-39E1-9943-61FA723E0A22}.Debug|Win32.Build.0 = Debug|Win32
		{C391A88B-E7F9-39E1-9943-61FA723E0A22}.Release|Win32.ActiveCfg = Release|Win32
		{C391A88B-E7F9-39E1-9943-61FA723E0A22}.Release|Win32.Build.0 = Release|Win32
		{C391A88B-E7F9-39E1-9943-61FA723E0A22}.MinSizeRel|Win32.ActiveCfg = MinSizeRel|Win32
		{C391A88B-E7F9-39E1-9943-61FA723E0A22}.MinSizeRel|Win32.Build.0 = MinSizeRel|Win32
		{C391A88B-E7F9-39E1-9943-61FA723E0A22}.RelWithDebInfo|Win32.ActiveCfg = RelWithDebInfo|Win32
		{C391A88B-E7F9-39E1-9943-61FA723E0A22}.RelWithDebInfo|Win32.Build.0 = RelWithDebInfo|Win32
		{BE05D9B0-6002-36CE-9DC2-98737B5B52CE}.Debug|Win32.ActiveCfg = Debug|Win32
		{BE05D9B0-6002-36CE-9DC2-98737B5B52CE}.Debug|Win32.Build.0 = Debug|Win32
		{BE05D9B0-6002-36CE-9DC2-98737B5B52CE}.Release|Win32.ActiveCfg = Release|Win32
		{BE05D9B0-6002-36CE-9DC2-98737B5B52CE}.Release|Win32.Build.0 = Release|Win32
		{BE05D9B0-6002-36CE-9DC2-98737B5B52CE}.MinSizeRel|Win32.ActiveCfg = MinSizeRel|Win32
		{BE05D9B0-6002-36CE-9DC2-98737B5B52CE}.MinSizeRel|Win32.Build.0 = MinSizeRel|Win32
		{BE05D9B0-6002-36CE-9DC2-98737B5B52CE}.RelWithDebInfo|Win32.ActiveCfg = RelWithDebInfo|Win32
		{BE05D9B0-6002-36CE-9DC2-98737B5B52CE}.RelWithDebInfo|Win32.Build.0 = RelWithDebInfo|Win32
		{77C3B83E-EB90-3DB4-A891-B4878C0E14CC}.Debug|Win32.ActiveCfg = Debug|Win32
		{77C3B83E-EB90-3DB4-A891-B4878C0E14CC}.Debug|Win32.Build.0 = Debug|Win32
		{77C3B83E-EB90-3DB4-A891-B4878C0E14CC}.Release|Win32.ActiveCfg = Release|Win32
		{77C3B83E-EB90-3DB4-A891-B4878C0E14CC}.Release|Win32.Build.0 = Release|Win32
		{77C3B83E-EB90-3DB4-A891-B4878C0E14CC}.MinSizeRel|Win32.ActiveCfg = MinSizeRel|Win32
		{77C3B83E-EB90-3DB4-A891-B4878C0E14CC}.MinSizeRel|Win32.Build.0 = MinSizeRel|Win32
		{77C3B83E-EB90-3DB4-A891-B4878C0E14CC}.RelWithDebInfo|Win32.ActiveCfg = RelWithDebInfo|Win32
		{77C3B83E-EB90-3DB4-A891-B4878C0E14CC}.RelWithDebInfo|Win32.Build.0 = RelWithDebInfo|Win32
		{BFDA7F01-20B4-348B-9043-00EE3B11CE2E}.Debug|Win32.ActiveCfg = Debug|Win32
		{BFDA7F01-20B4-348B-9043-00EE3B11CE2E}.Debug|Win32.Build.0 = Debug|Win32
		{BFDA7F01-20B4-348B-9043-00EE3B11CE2E}.Release|Win32.ActiveCfg = Release|Win32
		{BFDA7F01-20B4-348B-9043-00EE3B11CE2E}.Release|Win32.Build.0 = Release|Win32
		{BFDA7F01-20B4-348B-9043-00EE3B11CE2E}.MinSizeRel|Win32.ActiveCfg = MinSizeRel|Win32
		{BFDA7F01-20B4-348B-9043-00EE3B11CE2E}.MinSizeRel|Win32.Build.0 = MinSizeRel|Win32
		{BFDA7F01-20B4-348B-9043-00EE3B11CE2E}.RelWithDebInfo|Win32.ActiveCfg = RelWithDebInfo|Win32
		{BFDA7F01-20B4-348B-9043-00EE3B11CE2E}.RelWithDebInfo|Win32.Build.0 = RelWithDebInfo|Win32
		{7102BF8C-EDB1-3111-A28E-871FC628E620}.Debug|Win32.ActiveCfg = Debug|Win32
		{7102BF8C-EDB1-3111-A28E-871FC628E620}.Debug|Win32.Build.0 = Debug|Win32
		{7102BF8C-EDB1-3111-A28E-871FC628E620}.Release|Win32.ActiveCfg = Release|Win32
		{7102BF8C-EDB1-3111-A28E-871FC628E620}.Release|Win32.Build.0 = Release|Win32
		{7102BF8C-EDB1-3111-A28E-871FC628E620}.MinSizeRel|Win32.ActiveCfg = MinSizeRel|Win32
		{7102BF8C-EDB1-3111-A28E-871FC628E620}.MinSizeRel|Win32.Build.0 = MinSizeRel|Win32
		{7102BF8C-EDB1-3111-A28E-871FC628E620}.RelWithDebInfo|Win32.ActiveCfg = RelWithDebInfo|Win32
		{7102BF8C-EDB1-3111-A28E-871FC628E620}.RelWithDebInfo|Win32.Build.0 = RelWithDebInfo|Win32
		{DEB527AE-8C1F-3F97-A990-36DAE39C9398}.Debug|Win32.ActiveCfg = Debug|Win32
		{DEB527AE-8C1F-3F97-A990-36DAE39C9398}.Debug|Win32.Build.0 = Debug|Win32
		{DEB527AE-8C1F-3F97-A990-36DAE39C9398}.Release|Win32.ActiveCfg = Release|Win32
		{DEB527AE-8C1F-3F97-A990-36DAE39C9398}.Release|Win32.Build.0 = Release|Win32
		{DEB527AE-8C1F-3F97-A990-36DAE39C9398}.MinSizeRel|Win32.ActiveCfg = MinSizeRel|Win32
		{DEB527AE-8C1F-3F97-A990-36DAE39C9398}.MinSizeRel|Win32.Build.0 = MinSizeRel|Win32
		{DEB527AE-8C1F-3F97-A990-36DAE39C9398}.RelWithDebInfo|Win32.ActiveCfg = RelWithDebInfo|Win32
		{DEB527AE-8C1F-3F97-A990-36DAE39C9398}.RelWithDebInfo|Win32.Build.0 = RelWithDebInfo|Win32
		{46B5BBC3-4FA0-36AC-BC00-2843645B65FA}.Debug|Win32.ActiveCfg = Debug|Win32
		{46B5BBC3-4FA0-36AC-BC00-2843645B65FA}.Debug|Win32.Build.0 = Debug|Win32
		{46B5BBC3-4FA0-36AC-BC00-2843645B65FA}.Release|Win32.ActiveCfg = Release|Win32
		{46B5BBC3-4FA0-36AC-BC00-2843645B65FA}.Release|Win32.Build.0 = Release|Win32
		{46B5BBC3-4FA0-36AC-BC00-2843645B65FA}.MinSizeRel|Win32.ActiveCfg = MinSizeRel|Win32
		{46B5BBC3-4FA0-36AC-BC00-2843645B65FA}.MinSizeRel|Win32.Build.0 = MinSizeRel|Win32
		{46B5BBC3-4FA0-36AC-BC00-2843645B65FA}.RelWithDebInfo|Win32.ActiveCfg = RelWithDebInfo|Win32
		{46B5BBC3-4FA0-36AC-BC00-2843645B65FA}.RelWithDebInfo|Win32.Build.0 = RelWithDebInfo|Win32
	EndGlobalSection
	GlobalSection(NestedProjects) = preSolution
		{DC792A0E-40AE-3D1C-80DA-2AE72AEAF4FA} = {37DB62EB-FFD2-330F-BA82-859DC9277769}
		{6D5751F5-0F59-3ECF-9CCC-72A293E0BBCE} = {37DB62EB-FFD2-330F-BA82-859DC9277769}
		{B8BAA11B-352B-37E6-AA9E-1BCB2A4ED410} = {37DB62EB-FFD2-330F-BA82-859DC9277769}
		{D60BEBA4-94C3-3875-A18D-CD5D074A59C7} = {37DB62EB-FFD2-330F-BA82-859DC9277769}
		{14E0AFAD-A99A-317A-AFA1-1F95D6656ADF} = {63AEE722-C6BC-3BD3-B0E7-B73862EE451E}
		{D35FC7D0-8771-31BB-B14C-A4A2C1D4A304} = {63AEE722-C6BC-3BD3-B0E7-B73862EE451E}
		{AE52E88E-F354-3CA6-A787-5B464B1412E9} = {63AEE722-C6BC-3BD3-B0E7-B73862EE451E}
		{F7E9CB1A-8C28-3584-9435-FF037BB8AD0F} = {63AEE722-C6BC-3BD3-B0E7-B73862EE451E}
		{D5E4D062-B283-31AD-9B80-9449A72ADD90} = {63AEE722-C6BC-3BD3-B0E7-B73862EE451E}
		{2A3516A0-BD22-3BA3-9A2F-70472C3BE800} = {63AEE722-C6BC-3BD3-B0E7-B73862EE451E}
		{9337ADC6-3714-3116-ACE6-215BB441180A} = {63AEE722-C6BC-3BD3-B0E7-B73862EE451E}
		{F594860F-70F9-3C59-A85C-5B3F3F5C5B94} = {63AEE722-C6BC-3BD3-B0E7-B73862EE451E}
		{C5FE668E-8F98-398F-8991-0C5EBD5A567F} = {63AEE722-C6BC-3BD3-B0E7-B73862EE451E}
		{B44F039F-B761-3AF2-965B-32311C248859} = {63AEE722-C6BC-3BD3-B0E7-B73862EE451E}
		{980D950A-41E5-3D45-A737-CD4BA2FD1FF0} = {63AEE722-C6BC-3BD3-B0E7-B73862EE451E}
		{A7A718F7-ED7A-3EF7-BE1A-94A48F35736B} = {63AEE722-C6BC-3BD3-B0E7-B73862EE451E}
		{BE05D9B0-6002-36CE-9DC2-98737B5B52CE} = {63AEE722-C6BC-3BD3-B0E7-B73862EE451E}
		{BFDA7F01-20B4-348B-9043-00EE3B11CE2E} = {63AEE722-C6BC-3BD3-B0E7-B73862EE451E}
		{7102BF8C-EDB1-3111-A28E-871FC628E620} = {63AEE722-C6BC-3BD3-B0E7-B73862EE451E}
		{DEB527AE-8C1F-3F97-A990-36DAE39C9398} = {63AEE722-C6BC-3BD3-B0E7-B73862EE451E}
		{45EB0FFE-D5A3-370D-9227-CD6AE7141D44} = {207EB9B3-1A5F-3C3A-9BE9-028D8132A559}
		{B11D4488-F940-3240-8C93-182DE521AB25} = {207EB9B3-1A5F-3C3A-9BE9-028D8132A559}
		{AD9D136C-7452-3D4E-8779-C051C6AD4034} = {207EB9B3-1A5F-3C3A-9BE9-028D8132A559}
		{4EA7E9F2-1288-39E7-BD9B-5E4F4CB6067E} = {207EB9B3-1A5F-3C3A-9BE9-028D8132A559}
		{C391A88B-E7F9-39E1-9943-61FA723E0A22} = {207EB9B3-1A5F-3C3A-9BE9-028D8132A559}
		{77C3B83E-EB90-3DB4-A891-B4878C0E14CC} = {207EB9B3-1A5F-3C3A-9BE9-028D8132A559}
		{46B5BBC3-4FA0-36AC-BC00-2843645B65FA} = {207EB9B3-1A5F-3C3A-9BE9-028D8132A559}
		{8C2DCDB8-2B37-3FEF-91B1-C7D79F925495} = {9AA35FA3-4949-35B8-B29E-1132965DE829}
		{34BD555E-40EC-3646-8EC4-A24633F7F6E3} = {D0ACA5E2-21A1-3335-BE61-53468F1ECB07}
	EndGlobalSection
	GlobalSection(ExtensibilityGlobals) = postSolution
		SolutionGuid = {79749BB1-40F1-3A6B-8C79-CA989B68CA7D}
	EndGlobalSection
	GlobalSection(ExtensibilityAddIns) = postSolution
	EndGlobalSection
EndGlobal
