
Microsoft Visual Studio Solution File, Format Version 12.00
# Visual Studio 15
Project("{2150E333-8FDC-42A3-9474-1A3956D46DE8}") = "CMakePredefinedTargets", "CMakePredefinedTargets", "{37DB62EB-FFD2-330F-BA82-859DC9277769}"
EndProject
Project("{2150E333-8FDC-42A3-9474-1A3956D46DE8}") = "External", "External", "{966E31E0-68B7-33DC-BD5D-5F4D71B9C843}"
EndProject
Project("{2150E333-8FDC-42A3-9474-1A3956D46DE8}") = "Internal", "Internal", "{373CF6A8-C18E-3EB2-B87F-7CB6FC82378A}"
EndProject
Project("{8BC9CEB8-8B4A-11D0-8D11-00A0C91BC942}") = "ALL_BUILD", "ALL_BUILD.vcxproj", "{DC792A0E-40AE-3D1C-80DA-2AE72AEAF4FA}"
	ProjectSection(ProjectDependencies) = postProject
		{D60BEBA4-94C3-3875-A18D-CD5D074A59C7} = {D60BEBA4-94C3-3875-A18D-CD5D074A59C7}
		{36352095-23AB-3839-A5BB-326BE7CF0CDD} = {36352095-23AB-3839-A5BB-326BE7CF0CDD}
		{AECE1ECB-D6EE-3046-B867-CA711995F2D5} = {AECE1ECB-D6EE-3046-B867-CA711995F2D5}
		{4AA25DBD-B182-3F36-ABD1-CE841926AB8E} = {4AA25DBD-B182-3F36-ABD1-CE841926AB8E}
		{7386E315-A085-33F4-8EF0-D1A7FA898DC4} = {7386E315-A085-33F4-8EF0-D1A7FA898DC4}
		{D3287927-2B0F-326E-B367-54006808A1BD} = {D3287927-2B0F-326E-B367-54006808A1BD}
		{FAD93259-3A5D-37ED-BC11-FA978FCD04F7} = {FAD93259-3A5D-37ED-BC11-FA978FCD04F7}
		{E8C73858-9972-3842-8DEC-82A60A6BBBCF} = {E8C73858-9972-3842-8DEC-82A60A6BBBCF}
		{D7616F2C-87F1-32C0-9A94-0B18B2B8FBA3} = {D7616F2C-87F1-32C0-9A94-0B18B2B8FBA3}
		{8E7700AE-F4BE-327B-8726-66BDBBFA2FA0} = {8E7700AE-F4BE-327B-8726-66BDBBFA2FA0}
		{B33E54F3-69E5-363D-BA79-15A10F4D33E7} = {B33E54F3-69E5-363D-BA79-15A10F4D33E7}
		{2BCC01DE-AE36-3687-951B-010BBD2ECB30} = {2BCC01DE-AE36-3687-951B-010BBD2ECB30}
		{5257C702-2080-3072-A69A-CD7CF1575006} = {5257C702-2080-3072-A69A-CD7CF1575006}
		{BA703083-028A-3F32-A53B-E9F000AA6948} = {BA703083-028A-3F32-A53B-E9F000AA6948}
		{94997942-D1C9-3C5D-BDDB-2D7B0B0DED9D} = {94997942-D1C9-3C5D-BDDB-2D7B0B0DED9D}
		{776F45C5-634C-3FAB-88C0-5FD743E50005} = {776F45C5-634C-3FAB-88C0-5FD743E50005}
		{2E49137A-86D7-3539-ACF7-4475EB025B34} = {2E49137A-86D7-3539-ACF7-4475EB025B34}
		{02EED8BB-1459-3720-96B9-D28BE7EC1779} = {02EED8BB-1459-3720-96B9-D28BE7EC1779}
		{7470E5E7-BCF2-3548-A891-3E32268FEAA0} = {7470E5E7-BCF2-3548-A891-3E32268FEAA0}
		{0B93401D-C2AB-3F93-B50A-686276A40FD9} = {0B93401D-C2AB-3F93-B50A-686276A40FD9}
		{B5F796D1-E3C8-30D4-B407-0A1AC98E1357} = {B5F796D1-E3C8-30D4-B407-0A1AC98E1357}
		{7D08B5EE-A1BC-3FD4-8ABE-76CFC3294A7C} = {7D08B5EE-A1BC-3FD4-8ABE-76CFC3294A7C}
		{4E16B67F-E690-38A6-B4A5-845F721F99CB} = {4E16B67F-E690-38A6-B4A5-845F721F99CB}
		{F6AEC284-9D39-33E8-8F68-1B795C720284} = {F6AEC284-9D39-33E8-8F68-1B795C720284}
		{55657FAB-9B02-3649-9130-1FA3AB580388} = {55657FAB-9B02-3649-9130-1FA3AB580388}
		{8B4BEECB-357E-3AF6-A4AE-AEA3EB536DA9} = {8B4BEECB-357E-3AF6-A4AE-AEA3EB536DA9}
		{CBBF7120-12A4-394D-AA58-F7B549B952BA} = {CBBF7120-12A4-394D-AA58-F7B549B952BA}
		{1F3AFEB8-D384-3D90-AFDD-8BBFEE99713E} = {1F3AFEB8-D384-3D90-AFDD-8BBFEE99713E}
		{16BA8C7F-ECD7-3C7B-AC90-F8413E03E622} = {16BA8C7F-ECD7-3C7B-AC90-F8413E03E622}
	EndProjectSection
EndProject
Project("{8BC9CEB8-8B4A-11D0-8D11-00A0C91BC942}") = "ZERO_CHECK", "..\..\..\\ZERO_CHECK.vcxproj", "{D60BEBA4-94C3-3875-A18D-CD5D074A59C7}"
	ProjectSection(ProjectDependencies) = postProject
	EndProjectSection
EndProject
Project("{8BC9CEB8-8B4A-11D0-8D11-00A0C91BC942}") = "cocos2d", "cocos2d.vcxproj", "{36352095-23AB-3839-A5BB-326BE7CF0CDD}"
	ProjectSection(ProjectDependencies) = postProject
		{D60BEBA4-94C3-3875-A18D-CD5D074A59C7} = {D60BEBA4-94C3-3875-A18D-CD5D074A59C7}
		{4AA25DBD-B182-3F36-ABD1-CE841926AB8E} = {4AA25DBD-B182-3F36-ABD1-CE841926AB8E}
		{7386E315-A085-33F4-8EF0-D1A7FA898DC4} = {7386E315-A085-33F4-8EF0-D1A7FA898DC4}
		{D3287927-2B0F-326E-B367-54006808A1BD} = {D3287927-2B0F-326E-B367-54006808A1BD}
		{E8C73858-9972-3842-8DEC-82A60A6BBBCF} = {E8C73858-9972-3842-8DEC-82A60A6BBBCF}
		{D7616F2C-87F1-32C0-9A94-0B18B2B8FBA3} = {D7616F2C-87F1-32C0-9A94-0B18B2B8FBA3}
		{8E7700AE-F4BE-327B-8726-66BDBBFA2FA0} = {8E7700AE-F4BE-327B-8726-66BDBBFA2FA0}
		{7470E5E7-BCF2-3548-A891-3E32268FEAA0} = {7470E5E7-BCF2-3548-A891-3E32268FEAA0}
		{0B93401D-C2AB-3F93-B50A-686276A40FD9} = {0B93401D-C2AB-3F93-B50A-686276A40FD9}
		{7D08B5EE-A1BC-3FD4-8ABE-76CFC3294A7C} = {7D08B5EE-A1BC-3FD4-8ABE-76CFC3294A7C}
		{4E16B67F-E690-38A6-B4A5-845F721F99CB} = {4E16B67F-E690-38A6-B4A5-845F721F99CB}
		{55657FAB-9B02-3649-9130-1FA3AB580388} = {55657FAB-9B02-3649-9130-1FA3AB580388}
		{8B4BEECB-357E-3AF6-A4AE-AEA3EB536DA9} = {8B4BEECB-357E-3AF6-A4AE-AEA3EB536DA9}
		{CBBF7120-12A4-394D-AA58-F7B549B952BA} = {CBBF7120-12A4-394D-AA58-F7B549B952BA}
		{1F3AFEB8-D384-3D90-AFDD-8BBFEE99713E} = {1F3AFEB8-D384-3D90-AFDD-8BBFEE99713E}
	EndProjectSection
EndProject
Project("{8BC9CEB8-8B4A-11D0-8D11-00A0C91BC942}") = "ext_cjson", "..\..\external\lua\cjson\ext_cjson.vcxproj", "{AECE1ECB-D6EE-3046-B867-CA711995F2D5}"
	ProjectSection(ProjectDependencies) = postProject
		{D60BEBA4-94C3-3875-A18D-CD5D074A59C7} = {D60BEBA4-94C3-3875-A18D-CD5D074A59C7}
	EndProjectSection
EndProject
Project("{8BC9CEB8-8B4A-11D0-8D11-00A0C91BC942}") = "ext_clipper", "..\..\external\clipper\ext_clipper.vcxproj", "{4AA25DBD-B182-3F36-ABD1-CE841926AB8E}"
	ProjectSection(ProjectDependencies) = postProject
		{D60BEBA4-94C3-3875-A18D-CD5D074A59C7} = {D60BEBA4-94C3-3875-A18D-CD5D074A59C7}
	EndProjectSection
EndProject
Project("{8BC9CEB8-8B4A-11D0-8D11-00A0C91BC942}") = "ext_convertUTF", "..\..\external\ConvertUTF\ext_convertUTF.vcxproj", "{7386E315-A085-33F4-8EF0-D1A7FA898DC4}"
	ProjectSection(ProjectDependencies) = postProject
		{D60BEBA4-94C3-3875-A18D-CD5D074A59C7} = {D60BEBA4-94C3-3875-A18D-CD5D074A59C7}
	EndProjectSection
EndProject
Project("{8BC9CEB8-8B4A-11D0-8D11-00A0C91BC942}") = "ext_edtaa3func", "..\..\external\edtaa3func\ext_edtaa3func.vcxproj", "{D3287927-2B0F-326E-B367-54006808A1BD}"
	ProjectSection(ProjectDependencies) = postProject
		{D60BEBA4-94C3-3875-A18D-CD5D074A59C7} = {D60BEBA4-94C3-3875-A18D-CD5D074A59C7}
	EndProjectSection
EndProject
Project("{8BC9CEB8-8B4A-11D0-8D11-00A0C91BC942}") = "ext_lfs", "..\..\external\lua\lfs\ext_lfs.vcxproj", "{FAD93259-3A5D-37ED-BC11-FA978FCD04F7}"
	ProjectSection(ProjectDependencies) = postProject
		{D60BEBA4-94C3-3875-A18D-CD5D074A59C7} = {D60BEBA4-94C3-3875-A18D-CD5D074A59C7}
	EndProjectSection
EndProject
Project("{8BC9CEB8-8B4A-11D0-8D11-00A0C91BC942}") = "ext_libfaad", "..\..\external\faad2\ext_libfaad.vcxproj", "{E8C73858-9972-3842-8DEC-82A60A6BBBCF}"
	ProjectSection(ProjectDependencies) = postProject
		{D60BEBA4-94C3-3875-A18D-CD5D074A59C7} = {D60BEBA4-94C3-3875-A18D-CD5D074A59C7}
	EndProjectSection
EndProject
Project("{8BC9CEB8-8B4A-11D0-8D11-00A0C91BC942}") = "ext_libogg", "..\..\external\libogg\ext_libogg.vcxproj", "{D7616F2C-87F1-32C0-9A94-0B18B2B8FBA3}"
	ProjectSection(ProjectDependencies) = postProject
		{D60BEBA4-94C3-3875-A18D-CD5D074A59C7} = {D60BEBA4-94C3-3875-A18D-CD5D074A59C7}
	EndProjectSection
EndProject
Project("{8BC9CEB8-8B4A-11D0-8D11-00A0C91BC942}") = "ext_libvorbis", "..\..\external\libvorbis\ext_libvorbis.vcxproj", "{8E7700AE-F4BE-327B-8726-66BDBBFA2FA0}"
	ProjectSection(ProjectDependencies) = postProject
		{D60BEBA4-94C3-3875-A18D-CD5D074A59C7} = {D60BEBA4-94C3-3875-A18D-CD5D074A59C7}
	EndProjectSection
EndProject
Project("{8BC9CEB8-8B4A-11D0-8D11-00A0C91BC942}") = "ext_lpack", "..\..\external\lua\lpack\ext_lpack.vcxproj", "{B33E54F3-69E5-363D-BA79-15A10F4D33E7}"
	ProjectSection(ProjectDependencies) = postProject
		{D60BEBA4-94C3-3875-A18D-CD5D074A59C7} = {D60BEBA4-94C3-3875-A18D-CD5D074A59C7}
	EndProjectSection
EndProject
Project("{8BC9CEB8-8B4A-11D0-8D11-00A0C91BC942}") = "ext_lpeg", "..\..\external\lua\lpeg\ext_lpeg.vcxproj", "{2BCC01DE-AE36-3687-951B-010BBD2ECB30}"
	ProjectSection(ProjectDependencies) = postProject
		{D60BEBA4-94C3-3875-A18D-CD5D074A59C7} = {D60BEBA4-94C3-3875-A18D-CD5D074A59C7}
	EndProjectSection
EndProject
Project("{8BC9CEB8-8B4A-11D0-8D11-00A0C91BC942}") = "ext_lsproto", "..\..\external\lua\lsproto\ext_lsproto.vcxproj", "{5257C702-2080-3072-A69A-CD7CF1575006}"
	ProjectSection(ProjectDependencies) = postProject
		{D60BEBA4-94C3-3875-A18D-CD5D074A59C7} = {D60BEBA4-94C3-3875-A18D-CD5D074A59C7}
	EndProjectSection
EndProject
Project("{8BC9CEB8-8B4A-11D0-8D11-00A0C91BC942}") = "ext_lsqlite3", "..\..\external\lua\lsqlite3\ext_lsqlite3.vcxproj", "{BA703083-028A-3F32-A53B-E9F000AA6948}"
	ProjectSection(ProjectDependencies) = postProject
		{D60BEBA4-94C3-3875-A18D-CD5D074A59C7} = {D60BEBA4-94C3-3875-A18D-CD5D074A59C7}
	EndProjectSection
EndProject
Project("{8BC9CEB8-8B4A-11D0-8D11-00A0C91BC942}") = "ext_lua-protobuf", "..\..\external\lua\lua-protobuf\ext_lua-protobuf.vcxproj", "{94997942-D1C9-3C5D-BDDB-2D7B0B0DED9D}"
	ProjectSection(ProjectDependencies) = postProject
		{D60BEBA4-94C3-3875-A18D-CD5D074A59C7} = {D60BEBA4-94C3-3875-A18D-CD5D074A59C7}
	EndProjectSection
EndProject
Project("{8BC9CEB8-8B4A-11D0-8D11-00A0C91BC942}") = "ext_luasocket", "..\..\external\lua\luasocket\ext_luasocket.vcxproj", "{776F45C5-634C-3FAB-88C0-5FD743E50005}"
	ProjectSection(ProjectDependencies) = postProject
		{D60BEBA4-94C3-3875-A18D-CD5D074A59C7} = {D60BEBA4-94C3-3875-A18D-CD5D074A59C7}
	EndProjectSection
EndProject
Project("{8BC9CEB8-8B4A-11D0-8D11-00A0C91BC942}") = "ext_lunqlite", "..\..\external\lua\lunqlite\ext_lunqlite.vcxproj", "{2E49137A-86D7-3539-ACF7-4475EB025B34}"
	ProjectSection(ProjectDependencies) = postProject
		{D60BEBA4-94C3-3875-A18D-CD5D074A59C7} = {D60BEBA4-94C3-3875-A18D-CD5D074A59C7}
	EndProjectSection
EndProject
Project("{8BC9CEB8-8B4A-11D0-8D11-00A0C91BC942}") = "ext_lzlib", "..\..\external\lua\lzlib\ext_lzlib.vcxproj", "{02EED8BB-1459-3720-96B9-D28BE7EC1779}"
	ProjectSection(ProjectDependencies) = postProject
		{D60BEBA4-94C3-3875-A18D-CD5D074A59C7} = {D60BEBA4-94C3-3875-A18D-CD5D074A59C7}
	EndProjectSection
EndProject
Project("{8BC9CEB8-8B4A-11D0-8D11-00A0C91BC942}") = "ext_md5", "..\..\external\md5\ext_md5.vcxproj", "{7470E5E7-BCF2-3548-A891-3E32268FEAA0}"
	ProjectSection(ProjectDependencies) = postProject
		{D60BEBA4-94C3-3875-A18D-CD5D074A59C7} = {D60BEBA4-94C3-3875-A18D-CD5D074A59C7}
	EndProjectSection
EndProject
Project("{8BC9CEB8-8B4A-11D0-8D11-00A0C91BC942}") = "ext_poly2tri", "..\..\external\poly2tri\ext_poly2tri.vcxproj", "{0B93401D-C2AB-3F93-B50A-686276A40FD9}"
	ProjectSection(ProjectDependencies) = postProject
		{D60BEBA4-94C3-3875-A18D-CD5D074A59C7} = {D60BEBA4-94C3-3875-A18D-CD5D074A59C7}
	EndProjectSection
EndProject
Project("{8BC9CEB8-8B4A-11D0-8D11-00A0C91BC942}") = "ext_protobuf", "..\..\external\lua\protobuf\ext_protobuf.vcxproj", "{B5F796D1-E3C8-30D4-B407-0A1AC98E1357}"
	ProjectSection(ProjectDependencies) = postProject
		{D60BEBA4-94C3-3875-A18D-CD5D074A59C7} = {D60BEBA4-94C3-3875-A18D-CD5D074A59C7}
	EndProjectSection
EndProject
Project("{8BC9CEB8-8B4A-11D0-8D11-00A0C91BC942}") = "ext_recast", "..\..\external\recast\ext_recast.vcxproj", "{7D08B5EE-A1BC-3FD4-8ABE-76CFC3294A7C}"
	ProjectSection(ProjectDependencies) = postProject
		{D60BEBA4-94C3-3875-A18D-CD5D074A59C7} = {D60BEBA4-94C3-3875-A18D-CD5D074A59C7}
	EndProjectSection
EndProject
Project("{8BC9CEB8-8B4A-11D0-8D11-00A0C91BC942}") = "ext_tinyxml2", "..\..\external\tinyxml2\ext_tinyxml2.vcxproj", "{4E16B67F-E690-38A6-B4A5-845F721F99CB}"
	ProjectSection(ProjectDependencies) = postProject
		{D60BEBA4-94C3-3875-A18D-CD5D074A59C7} = {D60BEBA4-94C3-3875-A18D-CD5D074A59C7}
	EndProjectSection
EndProject
Project("{8BC9CEB8-8B4A-11D0-8D11-00A0C91BC942}") = "ext_tolua", "..\..\external\lua\tolua\ext_tolua.vcxproj", "{F6AEC284-9D39-33E8-8F68-1B795C720284}"
	ProjectSection(ProjectDependencies) = postProject
		{D60BEBA4-94C3-3875-A18D-CD5D074A59C7} = {D60BEBA4-94C3-3875-A18D-CD5D074A59C7}
	EndProjectSection
EndProject
Project("{8BC9CEB8-8B4A-11D0-8D11-00A0C91BC942}") = "ext_unzip", "..\..\external\unzip\ext_unzip.vcxproj", "{55657FAB-9B02-3649-9130-1FA3AB580388}"
	ProjectSection(ProjectDependencies) = postProject
		{D60BEBA4-94C3-3875-A18D-CD5D074A59C7} = {D60BEBA4-94C3-3875-A18D-CD5D074A59C7}
	EndProjectSection
EndProject
Project("{8BC9CEB8-8B4A-11D0-8D11-00A0C91BC942}") = "ext_xxhash", "..\..\external\xxhash\ext_xxhash.vcxproj", "{8B4BEECB-357E-3AF6-A4AE-AEA3EB536DA9}"
	ProjectSection(ProjectDependencies) = postProject
		{D60BEBA4-94C3-3875-A18D-CD5D074A59C7} = {D60BEBA4-94C3-3875-A18D-CD5D074A59C7}
	EndProjectSection
EndProject
Project("{8BC9CEB8-8B4A-11D0-8D11-00A0C91BC942}") = "ext_xxtea", "..\..\external\xxtea\ext_xxtea.vcxproj", "{CBBF7120-12A4-394D-AA58-F7B549B952BA}"
	ProjectSection(ProjectDependencies) = postProject
		{D60BEBA4-94C3-3875-A18D-CD5D074A59C7} = {D60BEBA4-94C3-3875-A18D-CD5D074A59C7}
	EndProjectSection
EndProject
Project("{8BC9CEB8-8B4A-11D0-8D11-00A0C91BC942}") = "external", "..\..\external\external.vcxproj", "{1F3AFEB8-D384-3D90-AFDD-8BBFEE99713E}"
	ProjectSection(ProjectDependencies) = postProject
		{D60BEBA4-94C3-3875-A18D-CD5D074A59C7} = {D60BEBA4-94C3-3875-A18D-CD5D074A59C7}
		{4AA25DBD-B182-3F36-ABD1-CE841926AB8E} = {4AA25DBD-B182-3F36-ABD1-CE841926AB8E}
		{7386E315-A085-33F4-8EF0-D1A7FA898DC4} = {7386E315-A085-33F4-8EF0-D1A7FA898DC4}
		{D3287927-2B0F-326E-B367-54006808A1BD} = {D3287927-2B0F-326E-B367-54006808A1BD}
		{E8C73858-9972-3842-8DEC-82A60A6BBBCF} = {E8C73858-9972-3842-8DEC-82A60A6BBBCF}
		{D7616F2C-87F1-32C0-9A94-0B18B2B8FBA3} = {D7616F2C-87F1-32C0-9A94-0B18B2B8FBA3}
		{8E7700AE-F4BE-327B-8726-66BDBBFA2FA0} = {8E7700AE-F4BE-327B-8726-66BDBBFA2FA0}
		{7470E5E7-BCF2-3548-A891-3E32268FEAA0} = {7470E5E7-BCF2-3548-A891-3E32268FEAA0}
		{0B93401D-C2AB-3F93-B50A-686276A40FD9} = {0B93401D-C2AB-3F93-B50A-686276A40FD9}
		{7D08B5EE-A1BC-3FD4-8ABE-76CFC3294A7C} = {7D08B5EE-A1BC-3FD4-8ABE-76CFC3294A7C}
		{4E16B67F-E690-38A6-B4A5-845F721F99CB} = {4E16B67F-E690-38A6-B4A5-845F721F99CB}
		{55657FAB-9B02-3649-9130-1FA3AB580388} = {55657FAB-9B02-3649-9130-1FA3AB580388}
		{8B4BEECB-357E-3AF6-A4AE-AEA3EB536DA9} = {8B4BEECB-357E-3AF6-A4AE-AEA3EB536DA9}
		{CBBF7120-12A4-394D-AA58-F7B549B952BA} = {CBBF7120-12A4-394D-AA58-F7B549B952BA}
	EndProjectSection
EndProject
Project("{8BC9CEB8-8B4A-11D0-8D11-00A0C91BC942}") = "luacocos2d", "..\lua-bindings\luacocos2d.vcxproj", "{16BA8C7F-ECD7-3C7B-AC90-F8413E03E622}"
	ProjectSection(ProjectDependencies) = postProject
		{D60BEBA4-94C3-3875-A18D-CD5D074A59C7} = {D60BEBA4-94C3-3875-A18D-CD5D074A59C7}
		{36352095-23AB-3839-A5BB-326BE7CF0CDD} = {36352095-23AB-3839-A5BB-326BE7CF0CDD}
		{AECE1ECB-D6EE-3046-B867-CA711995F2D5} = {AECE1ECB-D6EE-3046-B867-CA711995F2D5}
		{4AA25DBD-B182-3F36-ABD1-CE841926AB8E} = {4AA25DBD-B182-3F36-ABD1-CE841926AB8E}
		{7386E315-A085-33F4-8EF0-D1A7FA898DC4} = {7386E315-A085-33F4-8EF0-D1A7FA898DC4}
		{D3287927-2B0F-326E-B367-54006808A1BD} = {D3287927-2B0F-326E-B367-54006808A1BD}
		{FAD93259-3A5D-37ED-BC11-FA978FCD04F7} = {FAD93259-3A5D-37ED-BC11-FA978FCD04F7}
		{E8C73858-9972-3842-8DEC-82A60A6BBBCF} = {E8C73858-9972-3842-8DEC-82A60A6BBBCF}
		{D7616F2C-87F1-32C0-9A94-0B18B2B8FBA3} = {D7616F2C-87F1-32C0-9A94-0B18B2B8FBA3}
		{8E7700AE-F4BE-327B-8726-66BDBBFA2FA0} = {8E7700AE-F4BE-327B-8726-66BDBBFA2FA0}
		{B33E54F3-69E5-363D-BA79-15A10F4D33E7} = {B33E54F3-69E5-363D-BA79-15A10F4D33E7}
		{2BCC01DE-AE36-3687-951B-010BBD2ECB30} = {2BCC01DE-AE36-3687-951B-010BBD2ECB30}
		{5257C702-2080-3072-A69A-CD7CF1575006} = {5257C702-2080-3072-A69A-CD7CF1575006}
		{BA703083-028A-3F32-A53B-E9F000AA6948} = {BA703083-028A-3F32-A53B-E9F000AA6948}
		{94997942-D1C9-3C5D-BDDB-2D7B0B0DED9D} = {94997942-D1C9-3C5D-BDDB-2D7B0B0DED9D}
		{776F45C5-634C-3FAB-88C0-5FD743E50005} = {776F45C5-634C-3FAB-88C0-5FD743E50005}
		{2E49137A-86D7-3539-ACF7-4475EB025B34} = {2E49137A-86D7-3539-ACF7-4475EB025B34}
		{02EED8BB-1459-3720-96B9-D28BE7EC1779} = {02EED8BB-1459-3720-96B9-D28BE7EC1779}
		{7470E5E7-BCF2-3548-A891-3E32268FEAA0} = {7470E5E7-BCF2-3548-A891-3E32268FEAA0}
		{0B93401D-C2AB-3F93-B50A-686276A40FD9} = {0B93401D-C2AB-3F93-B50A-686276A40FD9}
		{B5F796D1-E3C8-30D4-B407-0A1AC98E1357} = {B5F796D1-E3C8-30D4-B407-0A1AC98E1357}
		{7D08B5EE-A1BC-3FD4-8ABE-76CFC3294A7C} = {7D08B5EE-A1BC-3FD4-8ABE-76CFC3294A7C}
		{4E16B67F-E690-38A6-B4A5-845F721F99CB} = {4E16B67F-E690-38A6-B4A5-845F721F99CB}
		{F6AEC284-9D39-33E8-8F68-1B795C720284} = {F6AEC284-9D39-33E8-8F68-1B795C720284}
		{55657FAB-9B02-3649-9130-1FA3AB580388} = {55657FAB-9B02-3649-9130-1FA3AB580388}
		{8B4BEECB-357E-3AF6-A4AE-AEA3EB536DA9} = {8B4BEECB-357E-3AF6-A4AE-AEA3EB536DA9}
		{CBBF7120-12A4-394D-AA58-F7B549B952BA} = {CBBF7120-12A4-394D-AA58-F7B549B952BA}
		{1F3AFEB8-D384-3D90-AFDD-8BBFEE99713E} = {1F3AFEB8-D384-3D90-AFDD-8BBFEE99713E}
	EndProjectSection
EndProject
Global
	GlobalSection(SolutionConfigurationPlatforms) = preSolution
		Debug|Win32 = Debug|Win32
		Release|Win32 = Release|Win32
		MinSizeRel|Win32 = MinSizeRel|Win32
		RelWithDebInfo|Win32 = RelWithDebInfo|Win32
	EndGlobalSection
	GlobalSection(ProjectConfigurationPlatforms) = postSolution
		{DC792A0E-40AE-3D1C-80DA-2AE72AEAF4FA}.Debug|Win32.ActiveCfg = Debug|Win32
		{DC792A0E-40AE-3D1C-80DA-2AE72AEAF4FA}.Release|Win32.ActiveCfg = Release|Win32
		{DC792A0E-40AE-3D1C-80DA-2AE72AEAF4FA}.MinSizeRel|Win32.ActiveCfg = MinSizeRel|Win32
		{DC792A0E-40AE-3D1C-80DA-2AE72AEAF4FA}.RelWithDebInfo|Win32.ActiveCfg = RelWithDebInfo|Win32
		{D60BEBA4-94C3-3875-A18D-CD5D074A59C7}.Debug|Win32.ActiveCfg = Debug|Win32
		{D60BEBA4-94C3-3875-A18D-CD5D074A59C7}.Debug|Win32.Build.0 = Debug|Win32
		{D60BEBA4-94C3-3875-A18D-CD5D074A59C7}.Release|Win32.ActiveCfg = Release|Win32
		{D60BEBA4-94C3-3875-A18D-CD5D074A59C7}.Release|Win32.Build.0 = Release|Win32
		{D60BEBA4-94C3-3875-A18D-CD5D074A59C7}.MinSizeRel|Win32.ActiveCfg = MinSizeRel|Win32
		{D60BEBA4-94C3-3875-A18D-CD5D074A59C7}.MinSizeRel|Win32.Build.0 = MinSizeRel|Win32
		{D60BEBA4-94C3-3875-A18D-CD5D074A59C7}.RelWithDebInfo|Win32.ActiveCfg = RelWithDebInfo|Win32
		{D60BEBA4-94C3-3875-A18D-CD5D074A59C7}.RelWithDebInfo|Win32.Build.0 = RelWithDebInfo|Win32
		{36352095-23AB-3839-A5BB-326BE7CF0CDD}.Debug|Win32.ActiveCfg = Debug|Win32
		{36352095-23AB-3839-A5BB-326BE7CF0CDD}.Debug|Win32.Build.0 = Debug|Win32
		{36352095-23AB-3839-A5BB-326BE7CF0CDD}.Release|Win32.ActiveCfg = Release|Win32
		{36352095-23AB-3839-A5BB-326BE7CF0CDD}.Release|Win32.Build.0 = Release|Win32
		{36352095-23AB-3839-A5BB-326BE7CF0CDD}.MinSizeRel|Win32.ActiveCfg = MinSizeRel|Win32
		{36352095-23AB-3839-A5BB-326BE7CF0CDD}.MinSizeRel|Win32.Build.0 = MinSizeRel|Win32
		{36352095-23AB-3839-A5BB-326BE7CF0CDD}.RelWithDebInfo|Win32.ActiveCfg = RelWithDebInfo|Win32
		{36352095-23AB-3839-A5BB-326BE7CF0CDD}.RelWithDebInfo|Win32.Build.0 = RelWithDebInfo|Win32
		{AECE1ECB-D6EE-3046-B867-CA711995F2D5}.Debug|Win32.ActiveCfg = Debug|Win32
		{AECE1ECB-D6EE-3046-B867-CA711995F2D5}.Debug|Win32.Build.0 = Debug|Win32
		{AECE1ECB-D6EE-3046-B867-CA711995F2D5}.Release|Win32.ActiveCfg = Release|Win32
		{AECE1ECB-D6EE-3046-B867-CA711995F2D5}.Release|Win32.Build.0 = Release|Win32
		{AECE1ECB-D6EE-3046-B867-CA711995F2D5}.MinSizeRel|Win32.ActiveCfg = MinSizeRel|Win32
		{AECE1ECB-D6EE-3046-B867-CA711995F2D5}.MinSizeRel|Win32.Build.0 = MinSizeRel|Win32
		{AECE1ECB-D6EE-3046-B867-CA711995F2D5}.RelWithDebInfo|Win32.ActiveCfg = RelWithDebInfo|Win32
		{AECE1ECB-D6EE-3046-B867-CA711995F2D5}.RelWithDebInfo|Win32.Build.0 = RelWithDebInfo|Win32
		{4AA25DBD-B182-3F36-ABD1-CE841926AB8E}.Debug|Win32.ActiveCfg = Debug|Win32
		{4AA25DBD-B182-3F36-ABD1-CE841926AB8E}.Debug|Win32.Build.0 = Debug|Win32
		{4AA25DBD-B182-3F36-ABD1-CE841926AB8E}.Release|Win32.ActiveCfg = Release|Win32
		{4AA25DBD-B182-3F36-ABD1-CE841926AB8E}.Release|Win32.Build.0 = Release|Win32
		{4AA25DBD-B182-3F36-ABD1-CE841926AB8E}.MinSizeRel|Win32.ActiveCfg = MinSizeRel|Win32
		{4AA25DBD-B182-3F36-ABD1-CE841926AB8E}.MinSizeRel|Win32.Build.0 = MinSizeRel|Win32
		{4AA25DBD-B182-3F36-ABD1-CE841926AB8E}.RelWithDebInfo|Win32.ActiveCfg = RelWithDebInfo|Win32
		{4AA25DBD-B182-3F36-ABD1-CE841926AB8E}.RelWithDebInfo|Win32.Build.0 = RelWithDebInfo|Win32
		{7386E315-A085-33F4-8EF0-D1A7FA898DC4}.Debug|Win32.ActiveCfg = Debug|Win32
		{7386E315-A085-33F4-8EF0-D1A7FA898DC4}.Debug|Win32.Build.0 = Debug|Win32
		{7386E315-A085-33F4-8EF0-D1A7FA898DC4}.Release|Win32.ActiveCfg = Release|Win32
		{7386E315-A085-33F4-8EF0-D1A7FA898DC4}.Release|Win32.Build.0 = Release|Win32
		{7386E315-A085-33F4-8EF0-D1A7FA898DC4}.MinSizeRel|Win32.ActiveCfg = MinSizeRel|Win32
		{7386E315-A085-33F4-8EF0-D1A7FA898DC4}.MinSizeRel|Win32.Build.0 = MinSizeRel|Win32
		{7386E315-A085-33F4-8EF0-D1A7FA898DC4}.RelWithDebInfo|Win32.ActiveCfg = RelWithDebInfo|Win32
		{7386E315-A085-33F4-8EF0-D1A7FA898DC4}.RelWithDebInfo|Win32.Build.0 = RelWithDebInfo|Win32
		{D3287927-2B0F-326E-B367-54006808A1BD}.Debug|Win32.ActiveCfg = Debug|Win32
		{D3287927-2B0F-326E-B367-54006808A1BD}.Debug|Win32.Build.0 = Debug|Win32
		{D3287927-2B0F-326E-B367-54006808A1BD}.Release|Win32.ActiveCfg = Release|Win32
		{D3287927-2B0F-326E-B367-54006808A1BD}.Release|Win32.Build.0 = Release|Win32
		{D3287927-2B0F-326E-B367-54006808A1BD}.MinSizeRel|Win32.ActiveCfg = MinSizeRel|Win32
		{D3287927-2B0F-326E-B367-54006808A1BD}.MinSizeRel|Win32.Build.0 = MinSizeRel|Win32
		{D3287927-2B0F-326E-B367-54006808A1BD}.RelWithDebInfo|Win32.ActiveCfg = RelWithDebInfo|Win32
		{D3287927-2B0F-326E-B367-54006808A1BD}.RelWithDebInfo|Win32.Build.0 = RelWithDebInfo|Win32
		{FAD93259-3A5D-37ED-BC11-FA978FCD04F7}.Debug|Win32.ActiveCfg = Debug|Win32
		{FAD93259-3A5D-37ED-BC11-FA978FCD04F7}.Debug|Win32.Build.0 = Debug|Win32
		{FAD93259-3A5D-37ED-BC11-FA978FCD04F7}.Release|Win32.ActiveCfg = Release|Win32
		{FAD93259-3A5D-37ED-BC11-FA978FCD04F7}.Release|Win32.Build.0 = Release|Win32
		{FAD93259-3A5D-37ED-BC11-FA978FCD04F7}.MinSizeRel|Win32.ActiveCfg = MinSizeRel|Win32
		{FAD93259-3A5D-37ED-BC11-FA978FCD04F7}.MinSizeRel|Win32.Build.0 = MinSizeRel|Win32
		{FAD93259-3A5D-37ED-BC11-FA978FCD04F7}.RelWithDebInfo|Win32.ActiveCfg = RelWithDebInfo|Win32
		{FAD93259-3A5D-37ED-BC11-FA978FCD04F7}.RelWithDebInfo|Win32.Build.0 = RelWithDebInfo|Win32
		{E8C73858-9972-3842-8DEC-82A60A6BBBCF}.Debug|Win32.ActiveCfg = Debug|Win32
		{E8C73858-9972-3842-8DEC-82A60A6BBBCF}.Debug|Win32.Build.0 = Debug|Win32
		{E8C73858-9972-3842-8DEC-82A60A6BBBCF}.Release|Win32.ActiveCfg = Release|Win32
		{E8C73858-9972-3842-8DEC-82A60A6BBBCF}.Release|Win32.Build.0 = Release|Win32
		{E8C73858-9972-3842-8DEC-82A60A6BBBCF}.MinSizeRel|Win32.ActiveCfg = MinSizeRel|Win32
		{E8C73858-9972-3842-8DEC-82A60A6BBBCF}.MinSizeRel|Win32.Build.0 = MinSizeRel|Win32
		{E8C73858-9972-3842-8DEC-82A60A6BBBCF}.RelWithDebInfo|Win32.ActiveCfg = RelWithDebInfo|Win32
		{E8C73858-9972-3842-8DEC-82A60A6BBBCF}.RelWithDebInfo|Win32.Build.0 = RelWithDebInfo|Win32
		{D7616F2C-87F1-32C0-9A94-0B18B2B8FBA3}.Debug|Win32.ActiveCfg = Debug|Win32
		{D7616F2C-87F1-32C0-9A94-0B18B2B8FBA3}.Debug|Win32.Build.0 = Debug|Win32
		{D7616F2C-87F1-32C0-9A94-0B18B2B8FBA3}.Release|Win32.ActiveCfg = Release|Win32
		{D7616F2C-87F1-32C0-9A94-0B18B2B8FBA3}.Release|Win32.Build.0 = Release|Win32
		{D7616F2C-87F1-32C0-9A94-0B18B2B8FBA3}.MinSizeRel|Win32.ActiveCfg = MinSizeRel|Win32
		{D7616F2C-87F1-32C0-9A94-0B18B2B8FBA3}.MinSizeRel|Win32.Build.0 = MinSizeRel|Win32
		{D7616F2C-87F1-32C0-9A94-0B18B2B8FBA3}.RelWithDebInfo|Win32.ActiveCfg = RelWithDebInfo|Win32
		{D7616F2C-87F1-32C0-9A94-0B18B2B8FBA3}.RelWithDebInfo|Win32.Build.0 = RelWithDebInfo|Win32
		{8E7700AE-F4BE-327B-8726-66BDBBFA2FA0}.Debug|Win32.ActiveCfg = Debug|Win32
		{8E7700AE-F4BE-327B-8726-66BDBBFA2FA0}.Debug|Win32.Build.0 = Debug|Win32
		{8E7700AE-F4BE-327B-8726-66BDBBFA2FA0}.Release|Win32.ActiveCfg = Release|Win32
		{8E7700AE-F4BE-327B-8726-66BDBBFA2FA0}.Release|Win32.Build.0 = Release|Win32
		{8E7700AE-F4BE-327B-8726-66BDBBFA2FA0}.MinSizeRel|Win32.ActiveCfg = MinSizeRel|Win32
		{8E7700AE-F4BE-327B-8726-66BDBBFA2FA0}.MinSizeRel|Win32.Build.0 = MinSizeRel|Win32
		{8E7700AE-F4BE-327B-8726-66BDBBFA2FA0}.RelWithDebInfo|Win32.ActiveCfg = RelWithDebInfo|Win32
		{8E7700AE-F4BE-327B-8726-66BDBBFA2FA0}.RelWithDebInfo|Win32.Build.0 = RelWithDebInfo|Win32
		{B33E54F3-69E5-363D-BA79-15A10F4D33E7}.Debug|Win32.ActiveCfg = Debug|Win32
		{B33E54F3-69E5-363D-BA79-15A10F4D33E7}.Debug|Win32.Build.0 = Debug|Win32
		{B33E54F3-69E5-363D-BA79-15A10F4D33E7}.Release|Win32.ActiveCfg = Release|Win32
		{B33E54F3-69E5-363D-BA79-15A10F4D33E7}.Release|Win32.Build.0 = Release|Win32
		{B33E54F3-69E5-363D-BA79-15A10F4D33E7}.MinSizeRel|Win32.ActiveCfg = MinSizeRel|Win32
		{B33E54F3-69E5-363D-BA79-15A10F4D33E7}.MinSizeRel|Win32.Build.0 = MinSizeRel|Win32
		{B33E54F3-69E5-363D-BA79-15A10F4D33E7}.RelWithDebInfo|Win32.ActiveCfg = RelWithDebInfo|Win32
		{B33E54F3-69E5-363D-BA79-15A10F4D33E7}.RelWithDebInfo|Win32.Build.0 = RelWithDebInfo|Win32
		{2BCC01DE-AE36-3687-951B-010BBD2ECB30}.Debug|Win32.ActiveCfg = Debug|Win32
		{2BCC01DE-AE36-3687-951B-010BBD2ECB30}.Debug|Win32.Build.0 = Debug|Win32
		{2BCC01DE-AE36-3687-951B-010BBD2ECB30}.Release|Win32.ActiveCfg = Release|Win32
		{2BCC01DE-AE36-3687-951B-010BBD2ECB30}.Release|Win32.Build.0 = Release|Win32
		{2BCC01DE-AE36-3687-951B-010BBD2ECB30}.MinSizeRel|Win32.ActiveCfg = MinSizeRel|Win32
		{2BCC01DE-AE36-3687-951B-010BBD2ECB30}.MinSizeRel|Win32.Build.0 = MinSizeRel|Win32
		{2BCC01DE-AE36-3687-951B-010BBD2ECB30}.RelWithDebInfo|Win32.ActiveCfg = RelWithDebInfo|Win32
		{2BCC01DE-AE36-3687-951B-010BBD2ECB30}.RelWithDebInfo|Win32.Build.0 = RelWithDebInfo|Win32
		{5257C702-2080-3072-A69A-CD7CF1575006}.Debug|Win32.ActiveCfg = Debug|Win32
		{5257C702-2080-3072-A69A-CD7CF1575006}.Debug|Win32.Build.0 = Debug|Win32
		{5257C702-2080-3072-A69A-CD7CF1575006}.Release|Win32.ActiveCfg = Release|Win32
		{5257C702-2080-3072-A69A-CD7CF1575006}.Release|Win32.Build.0 = Release|Win32
		{5257C702-2080-3072-A69A-CD7CF1575006}.MinSizeRel|Win32.ActiveCfg = MinSizeRel|Win32
		{5257C702-2080-3072-A69A-CD7CF1575006}.MinSizeRel|Win32.Build.0 = MinSizeRel|Win32
		{5257C702-2080-3072-A69A-CD7CF1575006}.RelWithDebInfo|Win32.ActiveCfg = RelWithDebInfo|Win32
		{5257C702-2080-3072-A69A-CD7CF1575006}.RelWithDebInfo|Win32.Build.0 = RelWithDebInfo|Win32
		{BA703083-028A-3F32-A53B-E9F000AA6948}.Debug|Win32.ActiveCfg = Debug|Win32
		{BA703083-028A-3F32-A53B-E9F000AA6948}.Debug|Win32.Build.0 = Debug|Win32
		{BA703083-028A-3F32-A53B-E9F000AA6948}.Release|Win32.ActiveCfg = Release|Win32
		{BA703083-028A-3F32-A53B-E9F000AA6948}.Release|Win32.Build.0 = Release|Win32
		{BA703083-028A-3F32-A53B-E9F000AA6948}.MinSizeRel|Win32.ActiveCfg = MinSizeRel|Win32
		{BA703083-028A-3F32-A53B-E9F000AA6948}.MinSizeRel|Win32.Build.0 = MinSizeRel|Win32
		{BA703083-028A-3F32-A53B-E9F000AA6948}.RelWithDebInfo|Win32.ActiveCfg = RelWithDebInfo|Win32
		{BA703083-028A-3F32-A53B-E9F000AA6948}.RelWithDebInfo|Win32.Build.0 = RelWithDebInfo|Win32
		{94997942-D1C9-3C5D-BDDB-2D7B0B0DED9D}.Debug|Win32.ActiveCfg = Debug|Win32
		{94997942-D1C9-3C5D-BDDB-2D7B0B0DED9D}.Debug|Win32.Build.0 = Debug|Win32
		{94997942-D1C9-3C5D-BDDB-2D7B0B0DED9D}.Release|Win32.ActiveCfg = Release|Win32
		{94997942-D1C9-3C5D-BDDB-2D7B0B0DED9D}.Release|Win32.Build.0 = Release|Win32
		{94997942-D1C9-3C5D-BDDB-2D7B0B0DED9D}.MinSizeRel|Win32.ActiveCfg = MinSizeRel|Win32
		{94997942-D1C9-3C5D-BDDB-2D7B0B0DED9D}.MinSizeRel|Win32.Build.0 = MinSizeRel|Win32
		{94997942-D1C9-3C5D-BDDB-2D7B0B0DED9D}.RelWithDebInfo|Win32.ActiveCfg = RelWithDebInfo|Win32
		{94997942-D1C9-3C5D-BDDB-2D7B0B0DED9D}.RelWithDebInfo|Win32.Build.0 = RelWithDebInfo|Win32
		{776F45C5-634C-3FAB-88C0-5FD743E50005}.Debug|Win32.ActiveCfg = Debug|Win32
		{776F45C5-634C-3FAB-88C0-5FD743E50005}.Debug|Win32.Build.0 = Debug|Win32
		{776F45C5-634C-3FAB-88C0-5FD743E50005}.Release|Win32.ActiveCfg = Release|Win32
		{776F45C5-634C-3FAB-88C0-5FD743E50005}.Release|Win32.Build.0 = Release|Win32
		{776F45C5-634C-3FAB-88C0-5FD743E50005}.MinSizeRel|Win32.ActiveCfg = MinSizeRel|Win32
		{776F45C5-634C-3FAB-88C0-5FD743E50005}.MinSizeRel|Win32.Build.0 = MinSizeRel|Win32
		{776F45C5-634C-3FAB-88C0-5FD743E50005}.RelWithDebInfo|Win32.ActiveCfg = RelWithDebInfo|Win32
		{776F45C5-634C-3FAB-88C0-5FD743E50005}.RelWithDebInfo|Win32.Build.0 = RelWithDebInfo|Win32
		{2E49137A-86D7-3539-ACF7-4475EB025B34}.Debug|Win32.ActiveCfg = Debug|Win32
		{2E49137A-86D7-3539-ACF7-4475EB025B34}.Debug|Win32.Build.0 = Debug|Win32
		{2E49137A-86D7-3539-ACF7-4475EB025B34}.Release|Win32.ActiveCfg = Release|Win32
		{2E49137A-86D7-3539-ACF7-4475EB025B34}.Release|Win32.Build.0 = Release|Win32
		{2E49137A-86D7-3539-ACF7-4475EB025B34}.MinSizeRel|Win32.ActiveCfg = MinSizeRel|Win32
		{2E49137A-86D7-3539-ACF7-4475EB025B34}.MinSizeRel|Win32.Build.0 = MinSizeRel|Win32
		{2E49137A-86D7-3539-ACF7-4475EB025B34}.RelWithDebInfo|Win32.ActiveCfg = RelWithDebInfo|Win32
		{2E49137A-86D7-3539-ACF7-4475EB025B34}.RelWithDebInfo|Win32.Build.0 = RelWithDebInfo|Win32
		{02EED8BB-1459-3720-96B9-D28BE7EC1779}.Debug|Win32.ActiveCfg = Debug|Win32
		{02EED8BB-1459-3720-96B9-D28BE7EC1779}.Debug|Win32.Build.0 = Debug|Win32
		{02EED8BB-1459-3720-96B9-D28BE7EC1779}.Release|Win32.ActiveCfg = Release|Win32
		{02EED8BB-1459-3720-96B9-D28BE7EC1779}.Release|Win32.Build.0 = Release|Win32
		{02EED8BB-1459-3720-96B9-D28BE7EC1779}.MinSizeRel|Win32.ActiveCfg = MinSizeRel|Win32
		{02EED8BB-1459-3720-96B9-D28BE7EC1779}.MinSizeRel|Win32.Build.0 = MinSizeRel|Win32
		{02EED8BB-1459-3720-96B9-D28BE7EC1779}.RelWithDebInfo|Win32.ActiveCfg = RelWithDebInfo|Win32
		{02EED8BB-1459-3720-96B9-D28BE7EC1779}.RelWithDebInfo|Win32.Build.0 = RelWithDebInfo|Win32
		{7470E5E7-BCF2-3548-A891-3E32268FEAA0}.Debug|Win32.ActiveCfg = Debug|Win32
		{7470E5E7-BCF2-3548-A891-3E32268FEAA0}.Debug|Win32.Build.0 = Debug|Win32
		{7470E5E7-BCF2-3548-A891-3E32268FEAA0}.Release|Win32.ActiveCfg = Release|Win32
		{7470E5E7-BCF2-3548-A891-3E32268FEAA0}.Release|Win32.Build.0 = Release|Win32
		{7470E5E7-BCF2-3548-A891-3E32268FEAA0}.MinSizeRel|Win32.ActiveCfg = MinSizeRel|Win32
		{7470E5E7-BCF2-3548-A891-3E32268FEAA0}.MinSizeRel|Win32.Build.0 = MinSizeRel|Win32
		{7470E5E7-BCF2-3548-A891-3E32268FEAA0}.RelWithDebInfo|Win32.ActiveCfg = RelWithDebInfo|Win32
		{7470E5E7-BCF2-3548-A891-3E32268FEAA0}.RelWithDebInfo|Win32.Build.0 = RelWithDebInfo|Win32
		{0B93401D-C2AB-3F93-B50A-686276A40FD9}.Debug|Win32.ActiveCfg = Debug|Win32
		{0B93401D-C2AB-3F93-B50A-686276A40FD9}.Debug|Win32.Build.0 = Debug|Win32
		{0B93401D-C2AB-3F93-B50A-686276A40FD9}.Release|Win32.ActiveCfg = Release|Win32
		{0B93401D-C2AB-3F93-B50A-686276A40FD9}.Release|Win32.Build.0 = Release|Win32
		{0B93401D-C2AB-3F93-B50A-686276A40FD9}.MinSizeRel|Win32.ActiveCfg = MinSizeRel|Win32
		{0B93401D-C2AB-3F93-B50A-686276A40FD9}.MinSizeRel|Win32.Build.0 = MinSizeRel|Win32
		{0B93401D-C2AB-3F93-B50A-686276A40FD9}.RelWithDebInfo|Win32.ActiveCfg = RelWithDebInfo|Win32
		{0B93401D-C2AB-3F93-B50A-686276A40FD9}.RelWithDebInfo|Win32.Build.0 = RelWithDebInfo|Win32
		{B5F796D1-E3C8-30D4-B407-0A1AC98E1357}.Debug|Win32.ActiveCfg = Debug|Win32
		{B5F796D1-E3C8-30D4-B407-0A1AC98E1357}.Debug|Win32.Build.0 = Debug|Win32
		{B5F796D1-E3C8-30D4-B407-0A1AC98E1357}.Release|Win32.ActiveCfg = Release|Win32
		{B5F796D1-E3C8-30D4-B407-0A1AC98E1357}.Release|Win32.Build.0 = Release|Win32
		{B5F796D1-E3C8-30D4-B407-0A1AC98E1357}.MinSizeRel|Win32.ActiveCfg = MinSizeRel|Win32
		{B5F796D1-E3C8-30D4-B407-0A1AC98E1357}.MinSizeRel|Win32.Build.0 = MinSizeRel|Win32
		{B5F796D1-E3C8-30D4-B407-0A1AC98E1357}.RelWithDebInfo|Win32.ActiveCfg = RelWithDebInfo|Win32
		{B5F796D1-E3C8-30D4-B407-0A1AC98E1357}.RelWithDebInfo|Win32.Build.0 = RelWithDebInfo|Win32
		{7D08B5EE-A1BC-3FD4-8ABE-76CFC3294A7C}.Debug|Win32.ActiveCfg = Debug|Win32
		{7D08B5EE-A1BC-3FD4-8ABE-76CFC3294A7C}.Debug|Win32.Build.0 = Debug|Win32
		{7D08B5EE-A1BC-3FD4-8ABE-76CFC3294A7C}.Release|Win32.ActiveCfg = Release|Win32
		{7D08B5EE-A1BC-3FD4-8ABE-76CFC3294A7C}.Release|Win32.Build.0 = Release|Win32
		{7D08B5EE-A1BC-3FD4-8ABE-76CFC3294A7C}.MinSizeRel|Win32.ActiveCfg = MinSizeRel|Win32
		{7D08B5EE-A1BC-3FD4-8ABE-76CFC3294A7C}.MinSizeRel|Win32.Build.0 = MinSizeRel|Win32
		{7D08B5EE-A1BC-3FD4-8ABE-76CFC3294A7C}.RelWithDebInfo|Win32.ActiveCfg = RelWithDebInfo|Win32
		{7D08B5EE-A1BC-3FD4-8ABE-76CFC3294A7C}.RelWithDebInfo|Win32.Build.0 = RelWithDebInfo|Win32
		{4E16B67F-E690-38A6-B4A5-845F721F99CB}.Debug|Win32.ActiveCfg = Debug|Win32
		{4E16B67F-E690-38A6-B4A5-845F721F99CB}.Debug|Win32.Build.0 = Debug|Win32
		{4E16B67F-E690-38A6-B4A5-845F721F99CB}.Release|Win32.ActiveCfg = Release|Win32
		{4E16B67F-E690-38A6-B4A5-845F721F99CB}.Release|Win32.Build.0 = Release|Win32
		{4E16B67F-E690-38A6-B4A5-845F721F99CB}.MinSizeRel|Win32.ActiveCfg = MinSizeRel|Win32
		{4E16B67F-E690-38A6-B4A5-845F721F99CB}.MinSizeRel|Win32.Build.0 = MinSizeRel|Win32
		{4E16B67F-E690-38A6-B4A5-845F721F99CB}.RelWithDebInfo|Win32.ActiveCfg = RelWithDebInfo|Win32
		{4E16B67F-E690-38A6-B4A5-845F721F99CB}.RelWithDebInfo|Win32.Build.0 = RelWithDebInfo|Win32
		{F6AEC284-9D39-33E8-8F68-1B795C720284}.Debug|Win32.ActiveCfg = Debug|Win32
		{F6AEC284-9D39-33E8-8F68-1B795C720284}.Debug|Win32.Build.0 = Debug|Win32
		{F6AEC284-9D39-33E8-8F68-1B795C720284}.Release|Win32.ActiveCfg = Release|Win32
		{F6AEC284-9D39-33E8-8F68-1B795C720284}.Release|Win32.Build.0 = Release|Win32
		{F6AEC284-9D39-33E8-8F68-1B795C720284}.MinSizeRel|Win32.ActiveCfg = MinSizeRel|Win32
		{F6AEC284-9D39-33E8-8F68-1B795C720284}.MinSizeRel|Win32.Build.0 = MinSizeRel|Win32
		{F6AEC284-9D39-33E8-8F68-1B795C720284}.RelWithDebInfo|Win32.ActiveCfg = RelWithDebInfo|Win32
		{F6AEC284-9D39-33E8-8F68-1B795C720284}.RelWithDebInfo|Win32.Build.0 = RelWithDebInfo|Win32
		{55657FAB-9B02-3649-9130-1FA3AB580388}.Debug|Win32.ActiveCfg = Debug|Win32
		{55657FAB-9B02-3649-9130-1FA3AB580388}.Debug|Win32.Build.0 = Debug|Win32
		{55657FAB-9B02-3649-9130-1FA3AB580388}.Release|Win32.ActiveCfg = Release|Win32
		{55657FAB-9B02-3649-9130-1FA3AB580388}.Release|Win32.Build.0 = Release|Win32
		{55657FAB-9B02-3649-9130-1FA3AB580388}.MinSizeRel|Win32.ActiveCfg = MinSizeRel|Win32
		{55657FAB-9B02-3649-9130-1FA3AB580388}.MinSizeRel|Win32.Build.0 = MinSizeRel|Win32
		{55657FAB-9B02-3649-9130-1FA3AB580388}.RelWithDebInfo|Win32.ActiveCfg = RelWithDebInfo|Win32
		{55657FAB-9B02-3649-9130-1FA3AB580388}.RelWithDebInfo|Win32.Build.0 = RelWithDebInfo|Win32
		{8B4BEECB-357E-3AF6-A4AE-AEA3EB536DA9}.Debug|Win32.ActiveCfg = Debug|Win32
		{8B4BEECB-357E-3AF6-A4AE-AEA3EB536DA9}.Debug|Win32.Build.0 = Debug|Win32
		{8B4BEECB-357E-3AF6-A4AE-AEA3EB536DA9}.Release|Win32.ActiveCfg = Release|Win32
		{8B4BEECB-357E-3AF6-A4AE-AEA3EB536DA9}.Release|Win32.Build.0 = Release|Win32
		{8B4BEECB-357E-3AF6-A4AE-AEA3EB536DA9}.MinSizeRel|Win32.ActiveCfg = MinSizeRel|Win32
		{8B4BEECB-357E-3AF6-A4AE-AEA3EB536DA9}.MinSizeRel|Win32.Build.0 = MinSizeRel|Win32
		{8B4BEECB-357E-3AF6-A4AE-AEA3EB536DA9}.RelWithDebInfo|Win32.ActiveCfg = RelWithDebInfo|Win32
		{8B4BEECB-357E-3AF6-A4AE-AEA3EB536DA9}.RelWithDebInfo|Win32.Build.0 = RelWithDebInfo|Win32
		{CBBF7120-12A4-394D-AA58-F7B549B952BA}.Debug|Win32.ActiveCfg = Debug|Win32
		{CBBF7120-12A4-394D-AA58-F7B549B952BA}.Debug|Win32.Build.0 = Debug|Win32
		{CBBF7120-12A4-394D-AA58-F7B549B952BA}.Release|Win32.ActiveCfg = Release|Win32
		{CBBF7120-12A4-394D-AA58-F7B549B952BA}.Release|Win32.Build.0 = Release|Win32
		{CBBF7120-12A4-394D-AA58-F7B549B952BA}.MinSizeRel|Win32.ActiveCfg = MinSizeRel|Win32
		{CBBF7120-12A4-394D-AA58-F7B549B952BA}.MinSizeRel|Win32.Build.0 = MinSizeRel|Win32
		{CBBF7120-12A4-394D-AA58-F7B549B952BA}.RelWithDebInfo|Win32.ActiveCfg = RelWithDebInfo|Win32
		{CBBF7120-12A4-394D-AA58-F7B549B952BA}.RelWithDebInfo|Win32.Build.0 = RelWithDebInfo|Win32
		{1F3AFEB8-D384-3D90-AFDD-8BBFEE99713E}.Debug|Win32.ActiveCfg = Debug|Win32
		{1F3AFEB8-D384-3D90-AFDD-8BBFEE99713E}.Debug|Win32.Build.0 = Debug|Win32
		{1F3AFEB8-D384-3D90-AFDD-8BBFEE99713E}.Release|Win32.ActiveCfg = Release|Win32
		{1F3AFEB8-D384-3D90-AFDD-8BBFEE99713E}.Release|Win32.Build.0 = Release|Win32
		{1F3AFEB8-D384-3D90-AFDD-8BBFEE99713E}.MinSizeRel|Win32.ActiveCfg = MinSizeRel|Win32
		{1F3AFEB8-D384-3D90-AFDD-8BBFEE99713E}.MinSizeRel|Win32.Build.0 = MinSizeRel|Win32
		{1F3AFEB8-D384-3D90-AFDD-8BBFEE99713E}.RelWithDebInfo|Win32.ActiveCfg = RelWithDebInfo|Win32
		{1F3AFEB8-D384-3D90-AFDD-8BBFEE99713E}.RelWithDebInfo|Win32.Build.0 = RelWithDebInfo|Win32
		{16BA8C7F-ECD7-3C7B-AC90-F8413E03E622}.Debug|Win32.ActiveCfg = Debug|Win32
		{16BA8C7F-ECD7-3C7B-AC90-F8413E03E622}.Debug|Win32.Build.0 = Debug|Win32
		{16BA8C7F-ECD7-3C7B-AC90-F8413E03E622}.Release|Win32.ActiveCfg = Release|Win32
		{16BA8C7F-ECD7-3C7B-AC90-F8413E03E622}.Release|Win32.Build.0 = Release|Win32
		{16BA8C7F-ECD7-3C7B-AC90-F8413E03E622}.MinSizeRel|Win32.ActiveCfg = MinSizeRel|Win32
		{16BA8C7F-ECD7-3C7B-AC90-F8413E03E622}.MinSizeRel|Win32.Build.0 = MinSizeRel|Win32
		{16BA8C7F-ECD7-3C7B-AC90-F8413E03E622}.RelWithDebInfo|Win32.ActiveCfg = RelWithDebInfo|Win32
		{16BA8C7F-ECD7-3C7B-AC90-F8413E03E622}.RelWithDebInfo|Win32.Build.0 = RelWithDebInfo|Win32
	EndGlobalSection
	GlobalSection(NestedProjects) = preSolution
		{DC792A0E-40AE-3D1C-80DA-2AE72AEAF4FA} = {37DB62EB-FFD2-330F-BA82-859DC9277769}
		{D60BEBA4-94C3-3875-A18D-CD5D074A59C7} = {37DB62EB-FFD2-330F-BA82-859DC9277769}
		{AECE1ECB-D6EE-3046-B867-CA711995F2D5} = {966E31E0-68B7-33DC-BD5D-5F4D71B9C843}
		{4AA25DBD-B182-3F36-ABD1-CE841926AB8E} = {966E31E0-68B7-33DC-BD5D-5F4D71B9C843}
		{7386E315-A085-33F4-8EF0-D1A7FA898DC4} = {966E31E0-68B7-33DC-BD5D-5F4D71B9C843}
		{D3287927-2B0F-326E-B367-54006808A1BD} = {966E31E0-68B7-33DC-BD5D-5F4D71B9C843}
		{FAD93259-3A5D-37ED-BC11-FA978FCD04F7} = {966E31E0-68B7-33DC-BD5D-5F4D71B9C843}
		{E8C73858-9972-3842-8DEC-82A60A6BBBCF} = {966E31E0-68B7-33DC-BD5D-5F4D71B9C843}
		{D7616F2C-87F1-32C0-9A94-0B18B2B8FBA3} = {966E31E0-68B7-33DC-BD5D-5F4D71B9C843}
		{8E7700AE-F4BE-327B-8726-66BDBBFA2FA0} = {966E31E0-68B7-33DC-BD5D-5F4D71B9C843}
		{B33E54F3-69E5-363D-BA79-15A10F4D33E7} = {966E31E0-68B7-33DC-BD5D-5F4D71B9C843}
		{2BCC01DE-AE36-3687-951B-010BBD2ECB30} = {966E31E0-68B7-33DC-BD5D-5F4D71B9C843}
		{5257C702-2080-3072-A69A-CD7CF1575006} = {966E31E0-68B7-33DC-BD5D-5F4D71B9C843}
		{BA703083-028A-3F32-A53B-E9F000AA6948} = {966E31E0-68B7-33DC-BD5D-5F4D71B9C843}
		{94997942-D1C9-3C5D-BDDB-2D7B0B0DED9D} = {966E31E0-68B7-33DC-BD5D-5F4D71B9C843}
		{776F45C5-634C-3FAB-88C0-5FD743E50005} = {966E31E0-68B7-33DC-BD5D-5F4D71B9C843}
		{2E49137A-86D7-3539-ACF7-4475EB025B34} = {966E31E0-68B7-33DC-BD5D-5F4D71B9C843}
		{02EED8BB-1459-3720-96B9-D28BE7EC1779} = {966E31E0-68B7-33DC-BD5D-5F4D71B9C843}
		{7470E5E7-BCF2-3548-A891-3E32268FEAA0} = {966E31E0-68B7-33DC-BD5D-5F4D71B9C843}
		{0B93401D-C2AB-3F93-B50A-686276A40FD9} = {966E31E0-68B7-33DC-BD5D-5F4D71B9C843}
		{B5F796D1-E3C8-30D4-B407-0A1AC98E1357} = {966E31E0-68B7-33DC-BD5D-5F4D71B9C843}
		{7D08B5EE-A1BC-3FD4-8ABE-76CFC3294A7C} = {966E31E0-68B7-33DC-BD5D-5F4D71B9C843}
		{4E16B67F-E690-38A6-B4A5-845F721F99CB} = {966E31E0-68B7-33DC-BD5D-5F4D71B9C843}
		{F6AEC284-9D39-33E8-8F68-1B795C720284} = {966E31E0-68B7-33DC-BD5D-5F4D71B9C843}
		{55657FAB-9B02-3649-9130-1FA3AB580388} = {966E31E0-68B7-33DC-BD5D-5F4D71B9C843}
		{8B4BEECB-357E-3AF6-A4AE-AEA3EB536DA9} = {966E31E0-68B7-33DC-BD5D-5F4D71B9C843}
		{CBBF7120-12A4-394D-AA58-F7B549B952BA} = {966E31E0-68B7-33DC-BD5D-5F4D71B9C843}
		{1F3AFEB8-D384-3D90-AFDD-8BBFEE99713E} = {966E31E0-68B7-33DC-BD5D-5F4D71B9C843}
		{36352095-23AB-3839-A5BB-326BE7CF0CDD} = {373CF6A8-C18E-3EB2-B87F-7CB6FC82378A}
		{16BA8C7F-ECD7-3C7B-AC90-F8413E03E622} = {373CF6A8-C18E-3EB2-B87F-7CB6FC82378A}
	EndGlobalSection
	GlobalSection(ExtensibilityGlobals) = postSolution
		SolutionGuid = {03FA758E-A364-3294-811B-272E0EB8F2F7}
	EndGlobalSection
	GlobalSection(ExtensibilityAddIns) = postSolution
	EndGlobalSection
EndGlobal
