<?xml version="1.0" encoding="utf-8"?>
<Project ToolsVersion="15.0" xmlns="http://schemas.microsoft.com/developer/msbuild/2003">
  <ItemGroup>
    <ClCompile Include="F:\wxCocos2d\frameworks\wxWidgets\src\common\debugrpt.cpp">
      <Filter>Common Sources</Filter>
    </ClCompile>
    <ClCompile Include="F:\wxCocos2d\frameworks\wxWidgets\src\generic\dbgrptg.cpp">
      <Filter>Generic Sources</Filter>
    </ClCompile>
  </ItemGroup>
  <ItemGroup>
    <ClInclude Include="F:\wxCocos2d\frameworks\wxWidgets\include\wx\debugrpt.h">
      <Filter>Common Headers</Filter>
    </ClInclude>
    <ClInclude Include="F:\wxCocos2d\frameworks\runtime-src\proj.win32\lib\vc_dll\mswu\wx\setup.h">
      <Filter>Setup Headers</Filter>
    </ClInclude>
    <ClInclude Include="F:\wxCocos2d\frameworks\wxWidgets\include\wx\msw\genrcdefs.h">
      <Filter>MSW Headers</Filter>
    </ClInclude>
  </ItemGroup>
  <ItemGroup>
    <CustomBuild Include="F:\wxCocos2d\frameworks\runtime-src\proj.win32\CMakeFiles\b8b88ecaa73d49580ff7a0a2d3dd1fc7\wxqa_CXX_prefix.hxx.rule">
      <Filter>CMake Rules</Filter>
    </CustomBuild>
    <CustomBuild Include="F:\wxCocos2d\frameworks\wxWidgets\build\cmake\lib\qa\CMakeLists.txt" />
  </ItemGroup>
  <ItemGroup>
    <ResourceCompile Include="F:\wxCocos2d\frameworks\wxWidgets\src\msw\version.rc">
      <Filter>Resource Files</Filter>
    </ResourceCompile>
  </ItemGroup>
  <ItemGroup>
    <Filter Include="CMake Rules">
      <UniqueIdentifier>{0F651CB5-12EE-3B78-97BB-351285248197}</UniqueIdentifier>
    </Filter>
    <Filter Include="Common Headers">
      <UniqueIdentifier>{9B4B0C14-A9CD-3072-BE63-8BD4BEECCC1F}</UniqueIdentifier>
    </Filter>
    <Filter Include="Common Sources">
      <UniqueIdentifier>{BFB5EEBA-2FAD-345A-8CBB-FDFDE63FE389}</UniqueIdentifier>
    </Filter>
    <Filter Include="Generic Sources">
      <UniqueIdentifier>{D11CF415-B22F-390C-B1AD-99CF03F90F88}</UniqueIdentifier>
    </Filter>
    <Filter Include="MSW Headers">
      <UniqueIdentifier>{9198E5DC-0E45-3DC9-BAEC-F1478D327ED4}</UniqueIdentifier>
    </Filter>
    <Filter Include="Resource Files">
      <UniqueIdentifier>{6FD1AC66-63FA-3F05-84E7-BBD92469D24F}</UniqueIdentifier>
    </Filter>
    <Filter Include="Setup Headers">
      <UniqueIdentifier>{756A9976-7FFF-300B-8EAA-BDE6E9CD607E}</UniqueIdentifier>
    </Filter>
  </ItemGroup>
</Project>
