<?xml version="1.0" encoding="utf-8"?>
<Project ToolsVersion="15.0" xmlns="http://schemas.microsoft.com/developer/msbuild/2003">
  <ItemGroup>
    <ClCompile Include="F:\wxCocos2d\frameworks\wxWidgets\src\png\png.c">
      <Filter>Source Files</Filter>
    </ClCompile>
    <ClCompile Include="F:\wxCocos2d\frameworks\wxWidgets\src\png\pngerror.c">
      <Filter>Source Files</Filter>
    </ClCompile>
    <ClCompile Include="F:\wxCocos2d\frameworks\wxWidgets\src\png\pngget.c">
      <Filter>Source Files</Filter>
    </ClCompile>
    <ClCompile Include="F:\wxCocos2d\frameworks\wxWidgets\src\png\pngmem.c">
      <Filter>Source Files</Filter>
    </ClCompile>
    <ClCompile Include="F:\wxCocos2d\frameworks\wxWidgets\src\png\pngpread.c">
      <Filter>Source Files</Filter>
    </ClCompile>
    <ClCompile Include="F:\wxCocos2d\frameworks\wxWidgets\src\png\pngread.c">
      <Filter>Source Files</Filter>
    </ClCompile>
    <ClCompile Include="F:\wxCocos2d\frameworks\wxWidgets\src\png\pngrio.c">
      <Filter>Source Files</Filter>
    </ClCompile>
    <ClCompile Include="F:\wxCocos2d\frameworks\wxWidgets\src\png\pngrtran.c">
      <Filter>Source Files</Filter>
    </ClCompile>
    <ClCompile Include="F:\wxCocos2d\frameworks\wxWidgets\src\png\pngrutil.c">
      <Filter>Source Files</Filter>
    </ClCompile>
    <ClCompile Include="F:\wxCocos2d\frameworks\wxWidgets\src\png\pngset.c">
      <Filter>Source Files</Filter>
    </ClCompile>
    <ClCompile Include="F:\wxCocos2d\frameworks\wxWidgets\src\png\pngtrans.c">
      <Filter>Source Files</Filter>
    </ClCompile>
    <ClCompile Include="F:\wxCocos2d\frameworks\wxWidgets\src\png\pngwio.c">
      <Filter>Source Files</Filter>
    </ClCompile>
    <ClCompile Include="F:\wxCocos2d\frameworks\wxWidgets\src\png\pngwrite.c">
      <Filter>Source Files</Filter>
    </ClCompile>
    <ClCompile Include="F:\wxCocos2d\frameworks\wxWidgets\src\png\pngwtran.c">
      <Filter>Source Files</Filter>
    </ClCompile>
    <ClCompile Include="F:\wxCocos2d\frameworks\wxWidgets\src\png\pngwutil.c">
      <Filter>Source Files</Filter>
    </ClCompile>
    <ClCompile Include="F:\wxCocos2d\frameworks\wxWidgets\src\png\arm\arm_init.c">
      <Filter>Source Files</Filter>
    </ClCompile>
    <ClCompile Include="F:\wxCocos2d\frameworks\wxWidgets\src\png\arm\filter_neon_intrinsics.c">
      <Filter>Source Files</Filter>
    </ClCompile>
    <ClCompile Include="F:\wxCocos2d\frameworks\wxWidgets\src\png\arm\palette_neon_intrinsics.c">
      <Filter>Source Files</Filter>
    </ClCompile>
    <ClCompile Include="F:\wxCocos2d\frameworks\wxWidgets\src\png\intel\intel_init.c">
      <Filter>Source Files</Filter>
    </ClCompile>
    <ClCompile Include="F:\wxCocos2d\frameworks\wxWidgets\src\png\intel\filter_sse2_intrinsics.c">
      <Filter>Source Files</Filter>
    </ClCompile>
  </ItemGroup>
  <ItemGroup>
    <CustomBuild Include="F:\wxCocos2d\frameworks\wxWidgets\build\cmake\lib\CMakeLists.txt" />
  </ItemGroup>
  <ItemGroup>
    <Filter Include="Source Files">
      <UniqueIdentifier>{4676F2DB-E19B-3841-A2ED-7159A9A66C63}</UniqueIdentifier>
    </Filter>
  </ItemGroup>
</Project>
