<?xml version="1.0" encoding="utf-8"?>
<Project ToolsVersion="15.0" xmlns="http://schemas.microsoft.com/developer/msbuild/2003">
  <ItemGroup>
    <CustomBuild Include="F:\wxCocos2d\frameworks\runtime-src\proj.win32\CMakeFiles\dde44d9ad1947d05f47df75732e87ded\clean_cotire.rule">
      <Filter>CMake Rules</Filter>
    </CustomBuild>
    <CustomBuild Include="F:\wxCocos2d\frameworks\wxWidgets\build\cmake\lib\base\CMakeLists.txt" />
  </ItemGroup>
  <ItemGroup>
    <None Include="F:\wxCocos2d\frameworks\runtime-src\proj.win32\engine\wxWidgets\libs\base\CMakeFiles\clean_cotire" />
  </ItemGroup>
  <ItemGroup>
    <Filter Include="CMake Rules">
      <UniqueIdentifier>{0F651CB5-12EE-3B78-97BB-351285248197}</UniqueIdentifier>
    </Filter>
  </ItemGroup>
</Project>
