<?xml version="1.0" encoding="utf-8"?>
<Project ToolsVersion="15.0" xmlns="http://schemas.microsoft.com/developer/msbuild/2003">
  <ItemGroup>
    <ClCompile Include="F:\wxCocos2d\frameworks\wxWidgets\src\html\helpctrl.cpp">
      <Filter>wxHTML Sources</Filter>
    </ClCompile>
    <ClCompile Include="F:\wxCocos2d\frameworks\wxWidgets\src\html\helpdata.cpp">
      <Filter>wxHTML Sources</Filter>
    </ClCompile>
    <ClCompile Include="F:\wxCocos2d\frameworks\wxWidgets\src\html\helpdlg.cpp">
      <Filter>wxHTML Sources</Filter>
    </ClCompile>
    <ClCompile Include="F:\wxCocos2d\frameworks\wxWidgets\src\html\helpfrm.cpp">
      <Filter>wxHTML Sources</Filter>
    </ClCompile>
    <ClCompile Include="F:\wxCocos2d\frameworks\wxWidgets\src\html\helpwnd.cpp">
      <Filter>wxHTML Sources</Filter>
    </ClCompile>
    <ClCompile Include="F:\wxCocos2d\frameworks\wxWidgets\src\html\htmlcell.cpp">
      <Filter>wxHTML Sources</Filter>
    </ClCompile>
    <ClCompile Include="F:\wxCocos2d\frameworks\wxWidgets\src\html\htmlfilt.cpp">
      <Filter>wxHTML Sources</Filter>
    </ClCompile>
    <ClCompile Include="F:\wxCocos2d\frameworks\wxWidgets\src\html\htmlpars.cpp">
      <Filter>wxHTML Sources</Filter>
    </ClCompile>
    <ClCompile Include="F:\wxCocos2d\frameworks\wxWidgets\src\html\htmltag.cpp">
      <Filter>wxHTML Sources</Filter>
    </ClCompile>
    <ClCompile Include="F:\wxCocos2d\frameworks\wxWidgets\src\html\htmlwin.cpp">
      <Filter>wxHTML Sources</Filter>
    </ClCompile>
    <ClCompile Include="F:\wxCocos2d\frameworks\wxWidgets\src\html\htmprint.cpp">
      <Filter>wxHTML Sources</Filter>
    </ClCompile>
    <ClCompile Include="F:\wxCocos2d\frameworks\wxWidgets\src\html\m_dflist.cpp">
      <Filter>wxHTML Sources</Filter>
    </ClCompile>
    <ClCompile Include="F:\wxCocos2d\frameworks\wxWidgets\src\html\m_fonts.cpp">
      <Filter>wxHTML Sources</Filter>
    </ClCompile>
    <ClCompile Include="F:\wxCocos2d\frameworks\wxWidgets\src\html\m_hline.cpp">
      <Filter>wxHTML Sources</Filter>
    </ClCompile>
    <ClCompile Include="F:\wxCocos2d\frameworks\wxWidgets\src\html\m_image.cpp">
      <Filter>wxHTML Sources</Filter>
    </ClCompile>
    <ClCompile Include="F:\wxCocos2d\frameworks\wxWidgets\src\html\m_layout.cpp">
      <Filter>wxHTML Sources</Filter>
    </ClCompile>
    <ClCompile Include="F:\wxCocos2d\frameworks\wxWidgets\src\html\m_links.cpp">
      <Filter>wxHTML Sources</Filter>
    </ClCompile>
    <ClCompile Include="F:\wxCocos2d\frameworks\wxWidgets\src\html\m_list.cpp">
      <Filter>wxHTML Sources</Filter>
    </ClCompile>
    <ClCompile Include="F:\wxCocos2d\frameworks\wxWidgets\src\html\m_pre.cpp">
      <Filter>wxHTML Sources</Filter>
    </ClCompile>
    <ClCompile Include="F:\wxCocos2d\frameworks\wxWidgets\src\html\m_span.cpp">
      <Filter>wxHTML Sources</Filter>
    </ClCompile>
    <ClCompile Include="F:\wxCocos2d\frameworks\wxWidgets\src\html\m_style.cpp">
      <Filter>wxHTML Sources</Filter>
    </ClCompile>
    <ClCompile Include="F:\wxCocos2d\frameworks\wxWidgets\src\html\m_tables.cpp">
      <Filter>wxHTML Sources</Filter>
    </ClCompile>
    <ClCompile Include="F:\wxCocos2d\frameworks\wxWidgets\src\html\styleparams.cpp">
      <Filter>wxHTML Sources</Filter>
    </ClCompile>
    <ClCompile Include="F:\wxCocos2d\frameworks\wxWidgets\src\html\winpars.cpp">
      <Filter>wxHTML Sources</Filter>
    </ClCompile>
    <ClCompile Include="F:\wxCocos2d\frameworks\wxWidgets\src\generic\htmllbox.cpp">
      <Filter>Generic Sources</Filter>
    </ClCompile>
    <ClCompile Include="F:\wxCocos2d\frameworks\wxWidgets\src\msw\helpbest.cpp">
      <Filter>MSW Sources</Filter>
    </ClCompile>
    <ClCompile Include="F:\wxCocos2d\frameworks\wxWidgets\src\html\chm.cpp">
      <Filter>wxHTML Sources</Filter>
    </ClCompile>
  </ItemGroup>
  <ItemGroup>
    <ClInclude Include="F:\wxCocos2d\frameworks\wxWidgets\include\wx\html\forcelnk.h">
      <Filter>wxHTML Headers</Filter>
    </ClInclude>
    <ClInclude Include="F:\wxCocos2d\frameworks\wxWidgets\include\wx\html\helpctrl.h">
      <Filter>wxHTML Headers</Filter>
    </ClInclude>
    <ClInclude Include="F:\wxCocos2d\frameworks\wxWidgets\include\wx\html\helpdata.h">
      <Filter>wxHTML Headers</Filter>
    </ClInclude>
    <ClInclude Include="F:\wxCocos2d\frameworks\wxWidgets\include\wx\html\helpdlg.h">
      <Filter>wxHTML Headers</Filter>
    </ClInclude>
    <ClInclude Include="F:\wxCocos2d\frameworks\wxWidgets\include\wx\html\helpfrm.h">
      <Filter>wxHTML Headers</Filter>
    </ClInclude>
    <ClInclude Include="F:\wxCocos2d\frameworks\wxWidgets\include\wx\html\helpwnd.h">
      <Filter>wxHTML Headers</Filter>
    </ClInclude>
    <ClInclude Include="F:\wxCocos2d\frameworks\wxWidgets\include\wx\html\htmlcell.h">
      <Filter>wxHTML Headers</Filter>
    </ClInclude>
    <ClInclude Include="F:\wxCocos2d\frameworks\wxWidgets\include\wx\html\htmldefs.h">
      <Filter>wxHTML Headers</Filter>
    </ClInclude>
    <ClInclude Include="F:\wxCocos2d\frameworks\wxWidgets\include\wx\html\htmlfilt.h">
      <Filter>wxHTML Headers</Filter>
    </ClInclude>
    <ClInclude Include="F:\wxCocos2d\frameworks\wxWidgets\include\wx\html\htmlpars.h">
      <Filter>wxHTML Headers</Filter>
    </ClInclude>
    <ClInclude Include="F:\wxCocos2d\frameworks\wxWidgets\include\wx\html\htmlproc.h">
      <Filter>wxHTML Headers</Filter>
    </ClInclude>
    <ClInclude Include="F:\wxCocos2d\frameworks\wxWidgets\include\wx\html\htmltag.h">
      <Filter>wxHTML Headers</Filter>
    </ClInclude>
    <ClInclude Include="F:\wxCocos2d\frameworks\wxWidgets\include\wx\html\htmlwin.h">
      <Filter>wxHTML Headers</Filter>
    </ClInclude>
    <ClInclude Include="F:\wxCocos2d\frameworks\wxWidgets\include\wx\html\htmprint.h">
      <Filter>wxHTML Headers</Filter>
    </ClInclude>
    <ClInclude Include="F:\wxCocos2d\frameworks\wxWidgets\include\wx\html\m_templ.h">
      <Filter>wxHTML Headers</Filter>
    </ClInclude>
    <ClInclude Include="F:\wxCocos2d\frameworks\wxWidgets\include\wx\html\styleparams.h">
      <Filter>wxHTML Headers</Filter>
    </ClInclude>
    <ClInclude Include="F:\wxCocos2d\frameworks\wxWidgets\include\wx\html\winpars.h">
      <Filter>wxHTML Headers</Filter>
    </ClInclude>
    <ClInclude Include="F:\wxCocos2d\frameworks\wxWidgets\include\wx\wxhtml.h">
      <Filter>Common Headers</Filter>
    </ClInclude>
    <ClInclude Include="F:\wxCocos2d\frameworks\wxWidgets\include\wx\htmllbox.h">
      <Filter>Common Headers</Filter>
    </ClInclude>
    <ClInclude Include="F:\wxCocos2d\frameworks\wxWidgets\include\wx\msw\helpbest.h">
      <Filter>MSW Headers</Filter>
    </ClInclude>
    <ClInclude Include="F:\wxCocos2d\frameworks\runtime-src\proj.win32\lib\vc_dll\mswu\wx\setup.h">
      <Filter>Setup Headers</Filter>
    </ClInclude>
    <ClInclude Include="F:\wxCocos2d\frameworks\wxWidgets\include\wx\msw\genrcdefs.h">
      <Filter>MSW Headers</Filter>
    </ClInclude>
  </ItemGroup>
  <ItemGroup>
    <CustomBuild Include="F:\wxCocos2d\frameworks\runtime-src\proj.win32\CMakeFiles\cb3de67f1531a58a69ecbf55e163f0a6\wxhtml_CXX_prefix.hxx.rule">
      <Filter>CMake Rules</Filter>
    </CustomBuild>
    <CustomBuild Include="F:\wxCocos2d\frameworks\wxWidgets\build\cmake\lib\html\CMakeLists.txt" />
  </ItemGroup>
  <ItemGroup>
    <ResourceCompile Include="F:\wxCocos2d\frameworks\wxWidgets\src\msw\version.rc">
      <Filter>Resource Files</Filter>
    </ResourceCompile>
  </ItemGroup>
  <ItemGroup>
    <Filter Include="CMake Rules">
      <UniqueIdentifier>{0F651CB5-12EE-3B78-97BB-351285248197}</UniqueIdentifier>
    </Filter>
    <Filter Include="Common Headers">
      <UniqueIdentifier>{9B4B0C14-A9CD-3072-BE63-8BD4BEECCC1F}</UniqueIdentifier>
    </Filter>
    <Filter Include="Generic Sources">
      <UniqueIdentifier>{D11CF415-B22F-390C-B1AD-99CF03F90F88}</UniqueIdentifier>
    </Filter>
    <Filter Include="MSW Headers">
      <UniqueIdentifier>{9198E5DC-0E45-3DC9-BAEC-F1478D327ED4}</UniqueIdentifier>
    </Filter>
    <Filter Include="MSW Sources">
      <UniqueIdentifier>{49CB7350-F8F4-3D26-A102-396655DEAA7B}</UniqueIdentifier>
    </Filter>
    <Filter Include="Resource Files">
      <UniqueIdentifier>{6FD1AC66-63FA-3F05-84E7-BBD92469D24F}</UniqueIdentifier>
    </Filter>
    <Filter Include="Setup Headers">
      <UniqueIdentifier>{756A9976-7FFF-300B-8EAA-BDE6E9CD607E}</UniqueIdentifier>
    </Filter>
    <Filter Include="wxHTML Headers">
      <UniqueIdentifier>{14E46216-54F5-3018-8825-448F22AF88DB}</UniqueIdentifier>
    </Filter>
    <Filter Include="wxHTML Sources">
      <UniqueIdentifier>{44EC675F-8A30-3CAB-BD28-0081CF6B55C3}</UniqueIdentifier>
    </Filter>
  </ItemGroup>
</Project>
